// !$*UTF8*$!
{
	archiveVersion = 1;
	classes = {
	};
	objectVersion = 46;
	objects = {

/* Begin PBXBuildFile section */
		32ECF09A1DB3636800BDF272 /* .gitkeep in Resources */ = {isa = PBXBuildFile; fileRef = 32ECF02D1DB3636800BDF272 /* .gitkeep */; };
		32ECF09B1DB3636800BDF272 /* .gitkeep in Resources */ = {isa = PBXBuildFile; fileRef = 32ECF02F1DB3636800BDF272 /* .gitkeep */; };
		32ECF09C1DB3636800BDF272 /* HMHomeController.m in Sources */ = {isa = PBXBuildFile; fileRef = 32ECF0311DB3636800BDF272 /* HMHomeController.m */; };
		32ECF09D1DB3636800BDF272 /* .gitkeep in Resources */ = {isa = PBXBuildFile; fileRef = 32ECF0331DB3636800BDF272 /* .gitkeep */; };
		32ECF09E1DB3636800BDF272 /* DDBaseNavController.m in Sources */ = {isa = PBXBuildFile; fileRef = 32ECF0351DB3636800BDF272 /* DDBaseNavController.m */; };
		32ECF09F1DB3636800BDF272 /* DDBaseViewController.m in Sources */ = {isa = PBXBuildFile; fileRef = 32ECF0371DB3636800BDF272 /* DDBaseViewController.m */; };
		32ECF0A01DB3636800BDF272 /* HBTableBarController.m in Sources */ = {isa = PBXBuildFile; fileRef = 32ECF0391DB3636800BDF272 /* HBTableBarController.m */; };
		32ECF0A11DB3636800BDF272 /* hideBottomBarNavagationControl.m in Sources */ = {isa = PBXBuildFile; fileRef = 32ECF03B1DB3636800BDF272 /* hideBottomBarNavagationControl.m */; };
		32ECF0A21DB3636800BDF272 /* HMTabBar.m in Sources */ = {isa = PBXBuildFile; fileRef = 32ECF03E1DB3636800BDF272 /* HMTabBar.m */; };
		32ECF0A31DB3636800BDF272 /* HMTabbarButton.m in Sources */ = {isa = PBXBuildFile; fileRef = 32ECF0401DB3636800BDF272 /* HMTabbarButton.m */; };
		32ECF0A41DB3636800BDF272 /* .gitkeep in Resources */ = {isa = PBXBuildFile; fileRef = 32ECF0421DB3636800BDF272 /* .gitkeep */; };
		32ECF0A51DB3636900BDF272 /* HMMarketViewController.m in Sources */ = {isa = PBXBuildFile; fileRef = 32ECF0441DB3636800BDF272 /* HMMarketViewController.m */; };
		32ECF0A61DB3636900BDF272 /* .gitkeep in Resources */ = {isa = PBXBuildFile; fileRef = 32ECF0461DB3636800BDF272 /* .gitkeep */; };
		32ECF0A71DB3636900BDF272 /* HMMeViewController.m in Sources */ = {isa = PBXBuildFile; fileRef = 32ECF0481DB3636800BDF272 /* HMMeViewController.m */; };
		32ECF0A81DB3636900BDF272 /* HMMenuTableViewCell2.m in Sources */ = {isa = PBXBuildFile; fileRef = 32ECF04B1DB3636800BDF272 /* HMMenuTableViewCell2.m */; };
		32ECF0A91DB3636900BDF272 /* HMMenuTableViewCell2.xib in Resources */ = {isa = PBXBuildFile; fileRef = 32ECF04C1DB3636800BDF272 /* HMMenuTableViewCell2.xib */; };
		32ECF0AA1DB3636900BDF272 /* HMMeTableViewCell1.m in Sources */ = {isa = PBXBuildFile; fileRef = 32ECF04E1DB3636800BDF272 /* HMMeTableViewCell1.m */; };
		32ECF0AB1DB3636900BDF272 /* HMMeTableViewCell1.xib in Resources */ = {isa = PBXBuildFile; fileRef = 32ECF04F1DB3636800BDF272 /* HMMeTableViewCell1.xib */; };
		32ECF0AC1DB3636900BDF272 /* HMVerticalTitleButton.m in Sources */ = {isa = PBXBuildFile; fileRef = 32ECF0511DB3636800BDF272 /* HMVerticalTitleButton.m */; };
		32ECF0AD1DB3636900BDF272 /* HMMyMessageController.m in Sources */ = {isa = PBXBuildFile; fileRef = 32ECF0551DB3636800BDF272 /* HMMyMessageController.m */; };
		32ECF0AE1DB3636900BDF272 /* HMMyMeNuController.m in Sources */ = {isa = PBXBuildFile; fileRef = 32ECF0581DB3636800BDF272 /* HMMyMeNuController.m */; };
		32ECF0AF1DB3636900BDF272 /* HMYouHuiQuanController.m in Sources */ = {isa = PBXBuildFile; fileRef = 32ECF05B1DB3636800BDF272 /* HMYouHuiQuanController.m */; };
		32ECF0B01DB3636900BDF272 /* .gitkeep in Resources */ = {isa = PBXBuildFile; fileRef = 32ECF05D1DB3636800BDF272 /* .gitkeep */; };
		32ECF0B11DB3636900BDF272 /* HMTableViewCell.m in Sources */ = {isa = PBXBuildFile; fileRef = 32ECF0601DB3636800BDF272 /* HMTableViewCell.m */; };
		32ECF0B21DB3636900BDF272 /* HMTableViewCell.xib in Resources */ = {isa = PBXBuildFile; fileRef = 32ECF0611DB3636800BDF272 /* HMTableViewCell.xib */; };
		32ECF0B31DB3636900BDF272 /* HMShoppingViewController.m in Sources */ = {isa = PBXBuildFile; fileRef = 32ECF0631DB3636800BDF272 /* HMShoppingViewController.m */; };
		32ECF0B41DB3636900BDF272 /* HMTableViewController.m in Sources */ = {isa = PBXBuildFile; fileRef = 32ECF0661DB3636800BDF272 /* HMTableViewController.m */; };
		32ECF0B51DB3636900BDF272 /* .gitkeep in Resources */ = {isa = PBXBuildFile; fileRef = 32ECF0681DB3636800BDF272 /* .gitkeep */; };
		32ECF0B61DB3636900BDF272 /* .gitkeep in Resources */ = {isa = PBXBuildFile; fileRef = 32ECF06A1DB3636800BDF272 /* .gitkeep */; };
		32ECF0B71DB3636900BDF272 /* WelcomCell.m in Sources */ = {isa = PBXBuildFile; fileRef = 32ECF06D1DB3636800BDF272 /* WelcomCell.m */; };
		32ECF0B81DB3636900BDF272 /* WecomeAnimation.m in Sources */ = {isa = PBXBuildFile; fileRef = 32ECF06F1DB3636800BDF272 /* WecomeAnimation.m */; };
		32ECF0B91DB3636900BDF272 /* .gitkeep in Resources */ = {isa = PBXBuildFile; fileRef = 32ECF0711DB3636800BDF272 /* .gitkeep */; };
		32ECF0BA1DB3636900BDF272 /* DDMarketViewModel.m in Sources */ = {isa = PBXBuildFile; fileRef = 32ECF0731DB3636800BDF272 /* DDMarketViewModel.m */; };
		32ECF0BB1DB3636900BDF272 /* .gitkeep in Resources */ = {isa = PBXBuildFile; fileRef = 32ECF0761DB3636800BDF272 /* .gitkeep */; };
		32ECF0BC1DB3636900BDF272 /* NSArray+Log.m in Sources */ = {isa = PBXBuildFile; fileRef = 32ECF0781DB3636800BDF272 /* NSArray+Log.m */; };
		32ECF0BD1DB3636900BDF272 /* .gitkeep in Resources */ = {isa = PBXBuildFile; fileRef = 32ECF07A1DB3636800BDF272 /* .gitkeep */; };
		32ECF0BE1DB3636900BDF272 /* NotificationDefine.m in Sources */ = {isa = PBXBuildFile; fileRef = 32ECF07D1DB3636800BDF272 /* NotificationDefine.m */; };
		32ECF0BF1DB3636900BDF272 /* UIBarButtonItem+DDBarButtonItem.m in Sources */ = {isa = PBXBuildFile; fileRef = 32ECF0811DB3636800BDF272 /* UIBarButtonItem+DDBarButtonItem.m */; };
		32ECF0C01DB3636900BDF272 /* UIButton+CustomButton.m in Sources */ = {isa = PBXBuildFile; fileRef = 32ECF0831DB3636800BDF272 /* UIButton+CustomButton.m */; };
		32ECF0C11DB3636900BDF272 /* .gitkeep in Resources */ = {isa = PBXBuildFile; fileRef = 32ECF0851DB3636800BDF272 /* .gitkeep */; };
		32ECF0C21DB3636900BDF272 /* HMNetworkTools.m in Sources */ = {isa = PBXBuildFile; fileRef = 32ECF0871DB3636800BDF272 /* HMNetworkTools.m */; };
		32ECF0C31DB3636900BDF272 /* UIView+UIframe.m in Sources */ = {isa = PBXBuildFile; fileRef = 32ECF0891DB3636800BDF272 /* UIView+UIframe.m */; };
		32ECF0C41DB3636900BDF272 /* .gitkeep in Resources */ = {isa = PBXBuildFile; fileRef = 32ECF08B1DB3636800BDF272 /* .gitkeep */; };
		32ECF0C51DB3636900BDF272 /* DDKindViewCell.m in Sources */ = {isa = PBXBuildFile; fileRef = 32ECF08E1DB3636800BDF272 /* DDKindViewCell.m */; };
		32ECF0C61DB3636900BDF272 /* DDKindViewCell.xib in Resources */ = {isa = PBXBuildFile; fileRef = 32ECF08F1DB3636800BDF272 /* DDKindViewCell.xib */; };
		32ECF0C71DB3636900BDF272 /* DDProductKindView.m in Sources */ = {isa = PBXBuildFile; fileRef = 32ECF0911DB3636800BDF272 /* DDProductKindView.m */; };
		32ECF0C81DB3636900BDF272 /* DDProductSelectVC.m in Sources */ = {isa = PBXBuildFile; fileRef = 32ECF0931DB3636800BDF272 /* DDProductSelectVC.m */; };
		32ECF0C91DB3636900BDF272 /* DDProductViewCell.m in Sources */ = {isa = PBXBuildFile; fileRef = 32ECF0951DB3636800BDF272 /* DDProductViewCell.m */; };
		32ECF0CA1DB3636900BDF272 /* DDProductViewCell.xib in Resources */ = {isa = PBXBuildFile; fileRef = 32ECF0961DB3636800BDF272 /* DDProductViewCell.xib */; };
		32ECF0CB1DB3636900BDF272 /* DDTitleView.m in Sources */ = {isa = PBXBuildFile; fileRef = 32ECF0981DB3636800BDF272 /* DDTitleView.m */; };
		32ECF0CC1DB3636900BDF272 /* DDTitleView.xib in Resources */ = {isa = PBXBuildFile; fileRef = 32ECF0991DB3636800BDF272 /* DDTitleView.xib */; };
		5B06744D1DB1371500299600 /* AppDelegate.m in Sources */ = {isa = PBXBuildFile; fileRef = 5B0674211DB1371500299600 /* AppDelegate.m */; };
		5B0674611DB1371500299600 /* ViewController.m in Sources */ = {isa = PBXBuildFile; fileRef = 5B06744C1DB1371500299600 /* ViewController.m */; };
		5B0674641DB1375400299600 /* DSHTTPClient.m in Sources */ = {isa = PBXBuildFile; fileRef = 5B0674631DB1375400299600 /* DSHTTPClient.m */; };
		5B0674661DB13AF400299600 /* Assets 00-09-05-008.xcassets in Resources */ = {isa = PBXBuildFile; fileRef = 5B0674651DB13AF400299600 /* Assets 00-09-05-008.xcassets */; };
		5BEC4FC31DB1192100CA99B0 /* main.m in Sources */ = {isa = PBXBuildFile; fileRef = 5BEC4FC21DB1192100CA99B0 /* main.m */; };
		EFF7DD84238702ACD9DD77FA /* libPods-loveHoney.a in Frameworks */ = {isa = PBXBuildFile; fileRef = 9615B76D8AD026B4EA02009B /* libPods-loveHoney.a */; };
/* End PBXBuildFile section */

/* Begin PBXFileReference section */
		055F5C9A44396790450CF0E2 /* Pods-loveHoney.debug.xcconfig */ = {isa = PBXFileReference; includeInIndex = 1; lastKnownFileType = text.xcconfig; name = "Pods-loveHoney.debug.xcconfig"; path = "Pods/Target Support Files/Pods-loveHoney/Pods-loveHoney.debug.xcconfig"; sourceTree = "<group>"; };
		32ECF02D1DB3636800BDF272 /* .gitkeep */ = {isa = PBXFileReference; fileEncoding = 4; lastKnownFileType = text; path = .gitkeep; sourceTree = "<group>"; };
		32ECF02F1DB3636800BDF272 /* .gitkeep */ = {isa = PBXFileReference; fileEncoding = 4; lastKnownFileType = text; path = .gitkeep; sourceTree = "<group>"; };
		32ECF0301DB3636800BDF272 /* HMHomeController.h */ = {isa = PBXFileReference; fileEncoding = 4; lastKnownFileType = sourcecode.c.h; path = HMHomeController.h; sourceTree = "<group>"; };
		32ECF0311DB3636800BDF272 /* HMHomeController.m */ = {isa = PBXFileReference; fileEncoding = 4; lastKnownFileType = sourcecode.c.objc; path = HMHomeController.m; sourceTree = "<group>"; };
		32ECF0331DB3636800BDF272 /* .gitkeep */ = {isa = PBXFileReference; fileEncoding = 4; lastKnownFileType = text; path = .gitkeep; sourceTree = "<group>"; };
		32ECF0341DB3636800BDF272 /* DDBaseNavController.h */ = {isa = PBXFileReference; fileEncoding = 4; lastKnownFileType = sourcecode.c.h; path = DDBaseNavController.h; sourceTree = "<group>"; };
		32ECF0351DB3636800BDF272 /* DDBaseNavController.m */ = {isa = PBXFileReference; fileEncoding = 4; lastKnownFileType = sourcecode.c.objc; path = DDBaseNavController.m; sourceTree = "<group>"; };
		32ECF0361DB3636800BDF272 /* DDBaseViewController.h */ = {isa = PBXFileReference; fileEncoding = 4; lastKnownFileType = sourcecode.c.h; path = DDBaseViewController.h; sourceTree = "<group>"; };
		32ECF0371DB3636800BDF272 /* DDBaseViewController.m */ = {isa = PBXFileReference; fileEncoding = 4; lastKnownFileType = sourcecode.c.objc; path = DDBaseViewController.m; sourceTree = "<group>"; };
		32ECF0381DB3636800BDF272 /* HBTableBarController.h */ = {isa = PBXFileReference; fileEncoding = 4; lastKnownFileType = sourcecode.c.h; path = HBTableBarController.h; sourceTree = "<group>"; };
		32ECF0391DB3636800BDF272 /* HBTableBarController.m */ = {isa = PBXFileReference; fileEncoding = 4; lastKnownFileType = sourcecode.c.objc; path = HBTableBarController.m; sourceTree = "<group>"; };
		32ECF03A1DB3636800BDF272 /* hideBottomBarNavagationControl.h */ = {isa = PBXFileReference; fileEncoding = 4; lastKnownFileType = sourcecode.c.h; path = hideBottomBarNavagationControl.h; sourceTree = "<group>"; };
		32ECF03B1DB3636800BDF272 /* hideBottomBarNavagationControl.m */ = {isa = PBXFileReference; fileEncoding = 4; lastKnownFileType = sourcecode.c.objc; path = hideBottomBarNavagationControl.m; sourceTree = "<group>"; };
		32ECF03D1DB3636800BDF272 /* HMTabBar.h */ = {isa = PBXFileReference; fileEncoding = 4; lastKnownFileType = sourcecode.c.h; path = HMTabBar.h; sourceTree = "<group>"; };
		32ECF03E1DB3636800BDF272 /* HMTabBar.m */ = {isa = PBXFileReference; fileEncoding = 4; lastKnownFileType = sourcecode.c.objc; path = HMTabBar.m; sourceTree = "<group>"; };
		32ECF03F1DB3636800BDF272 /* HMTabbarButton.h */ = {isa = PBXFileReference; fileEncoding = 4; lastKnownFileType = sourcecode.c.h; path = HMTabbarButton.h; sourceTree = "<group>"; };
		32ECF0401DB3636800BDF272 /* HMTabbarButton.m */ = {isa = PBXFileReference; fileEncoding = 4; lastKnownFileType = sourcecode.c.objc; path = HMTabbarButton.m; sourceTree = "<group>"; };
		32ECF0421DB3636800BDF272 /* .gitkeep */ = {isa = PBXFileReference; fileEncoding = 4; lastKnownFileType = text; path = .gitkeep; sourceTree = "<group>"; };
		32ECF0431DB3636800BDF272 /* HMMarketViewController.h */ = {isa = PBXFileReference; fileEncoding = 4; lastKnownFileType = sourcecode.c.h; path = HMMarketViewController.h; sourceTree = "<group>"; };
		32ECF0441DB3636800BDF272 /* HMMarketViewController.m */ = {isa = PBXFileReference; fileEncoding = 4; lastKnownFileType = sourcecode.c.objc; path = HMMarketViewController.m; sourceTree = "<group>"; };
		32ECF0461DB3636800BDF272 /* .gitkeep */ = {isa = PBXFileReference; fileEncoding = 4; lastKnownFileType = text; path = .gitkeep; sourceTree = "<group>"; };
		32ECF0471DB3636800BDF272 /* HMMeViewController.h */ = {isa = PBXFileReference; fileEncoding = 4; lastKnownFileType = sourcecode.c.h; path = HMMeViewController.h; sourceTree = "<group>"; };
		32ECF0481DB3636800BDF272 /* HMMeViewController.m */ = {isa = PBXFileReference; fileEncoding = 4; lastKnownFileType = sourcecode.c.objc; path = HMMeViewController.m; sourceTree = "<group>"; };
		32ECF04A1DB3636800BDF272 /* HMMenuTableViewCell2.h */ = {isa = PBXFileReference; fileEncoding = 4; lastKnownFileType = sourcecode.c.h; path = HMMenuTableViewCell2.h; sourceTree = "<group>"; };
		32ECF04B1DB3636800BDF272 /* HMMenuTableViewCell2.m */ = {isa = PBXFileReference; fileEncoding = 4; lastKnownFileType = sourcecode.c.objc; path = HMMenuTableViewCell2.m; sourceTree = "<group>"; };
		32ECF04C1DB3636800BDF272 /* HMMenuTableViewCell2.xib */ = {isa = PBXFileReference; fileEncoding = 4; lastKnownFileType = file.xib; path = HMMenuTableViewCell2.xib; sourceTree = "<group>"; };
		32ECF04D1DB3636800BDF272 /* HMMeTableViewCell1.h */ = {isa = PBXFileReference; fileEncoding = 4; lastKnownFileType = sourcecode.c.h; path = HMMeTableViewCell1.h; sourceTree = "<group>"; };
		32ECF04E1DB3636800BDF272 /* HMMeTableViewCell1.m */ = {isa = PBXFileReference; fileEncoding = 4; lastKnownFileType = sourcecode.c.objc; path = HMMeTableViewCell1.m; sourceTree = "<group>"; };
		32ECF04F1DB3636800BDF272 /* HMMeTableViewCell1.xib */ = {isa = PBXFileReference; fileEncoding = 4; lastKnownFileType = file.xib; path = HMMeTableViewCell1.xib; sourceTree = "<group>"; };
		32ECF0501DB3636800BDF272 /* HMVerticalTitleButton.h */ = {isa = PBXFileReference; fileEncoding = 4; lastKnownFileType = sourcecode.c.h; path = HMVerticalTitleButton.h; sourceTree = "<group>"; };
		32ECF0511DB3636800BDF272 /* HMVerticalTitleButton.m */ = {isa = PBXFileReference; fileEncoding = 4; lastKnownFileType = sourcecode.c.objc; path = HMVerticalTitleButton.m; sourceTree = "<group>"; };
		32ECF0541DB3636800BDF272 /* HMMyMessageController.h */ = {isa = PBXFileReference; fileEncoding = 4; lastKnownFileType = sourcecode.c.h; path = HMMyMessageController.h; sourceTree = "<group>"; };
		32ECF0551DB3636800BDF272 /* HMMyMessageController.m */ = {isa = PBXFileReference; fileEncoding = 4; lastKnownFileType = sourcecode.c.objc; path = HMMyMessageController.m; sourceTree = "<group>"; };
		32ECF0571DB3636800BDF272 /* HMMyMeNuController.h */ = {isa = PBXFileReference; fileEncoding = 4; lastKnownFileType = sourcecode.c.h; path = HMMyMeNuController.h; sourceTree = "<group>"; };
		32ECF0581DB3636800BDF272 /* HMMyMeNuController.m */ = {isa = PBXFileReference; fileEncoding = 4; lastKnownFileType = sourcecode.c.objc; path = HMMyMeNuController.m; sourceTree = "<group>"; };
		32ECF05A1DB3636800BDF272 /* HMYouHuiQuanController.h */ = {isa = PBXFileReference; fileEncoding = 4; lastKnownFileType = sourcecode.c.h; path = HMYouHuiQuanController.h; sourceTree = "<group>"; };
		32ECF05B1DB3636800BDF272 /* HMYouHuiQuanController.m */ = {isa = PBXFileReference; fileEncoding = 4; lastKnownFileType = sourcecode.c.objc; path = HMYouHuiQuanController.m; sourceTree = "<group>"; };
		32ECF05D1DB3636800BDF272 /* .gitkeep */ = {isa = PBXFileReference; fileEncoding = 4; lastKnownFileType = text; path = .gitkeep; sourceTree = "<group>"; };
		32ECF05F1DB3636800BDF272 /* HMTableViewCell.h */ = {isa = PBXFileReference; fileEncoding = 4; lastKnownFileType = sourcecode.c.h; path = HMTableViewCell.h; sourceTree = "<group>"; };
		32ECF0601DB3636800BDF272 /* HMTableViewCell.m */ = {isa = PBXFileReference; fileEncoding = 4; lastKnownFileType = sourcecode.c.objc; path = HMTableViewCell.m; sourceTree = "<group>"; };
		32ECF0611DB3636800BDF272 /* HMTableViewCell.xib */ = {isa = PBXFileReference; fileEncoding = 4; lastKnownFileType = file.xib; path = HMTableViewCell.xib; sourceTree = "<group>"; };
		32ECF0621DB3636800BDF272 /* HMShoppingViewController.h */ = {isa = PBXFileReference; fileEncoding = 4; lastKnownFileType = sourcecode.c.h; path = HMShoppingViewController.h; sourceTree = "<group>"; };
		32ECF0631DB3636800BDF272 /* HMShoppingViewController.m */ = {isa = PBXFileReference; fileEncoding = 4; lastKnownFileType = sourcecode.c.objc; path = HMShoppingViewController.m; sourceTree = "<group>"; };
		32ECF0651DB3636800BDF272 /* HMTableViewController.h */ = {isa = PBXFileReference; fileEncoding = 4; lastKnownFileType = sourcecode.c.h; path = HMTableViewController.h; sourceTree = "<group>"; };
		32ECF0661DB3636800BDF272 /* HMTableViewController.m */ = {isa = PBXFileReference; fileEncoding = 4; lastKnownFileType = sourcecode.c.objc; path = HMTableViewController.m; sourceTree = "<group>"; };
		32ECF0681DB3636800BDF272 /* .gitkeep */ = {isa = PBXFileReference; fileEncoding = 4; lastKnownFileType = text; path = .gitkeep; sourceTree = "<group>"; };
		32ECF06A1DB3636800BDF272 /* .gitkeep */ = {isa = PBXFileReference; fileEncoding = 4; lastKnownFileType = text; path = .gitkeep; sourceTree = "<group>"; };
		32ECF06C1DB3636800BDF272 /* WelcomCell.h */ = {isa = PBXFileReference; fileEncoding = 4; lastKnownFileType = sourcecode.c.h; path = WelcomCell.h; sourceTree = "<group>"; };
		32ECF06D1DB3636800BDF272 /* WelcomCell.m */ = {isa = PBXFileReference; fileEncoding = 4; lastKnownFileType = sourcecode.c.objc; path = WelcomCell.m; sourceTree = "<group>"; };
		32ECF06E1DB3636800BDF272 /* WecomeAnimation.h */ = {isa = PBXFileReference; fileEncoding = 4; lastKnownFileType = sourcecode.c.h; path = WecomeAnimation.h; sourceTree = "<group>"; };
		32ECF06F1DB3636800BDF272 /* WecomeAnimation.m */ = {isa = PBXFileReference; fileEncoding = 4; lastKnownFileType = sourcecode.c.objc; path = WecomeAnimation.m; sourceTree = "<group>"; };
		32ECF0711DB3636800BDF272 /* .gitkeep */ = {isa = PBXFileReference; fileEncoding = 4; lastKnownFileType = text; path = .gitkeep; sourceTree = "<group>"; };
		32ECF0721DB3636800BDF272 /* DDMarketViewModel.h */ = {isa = PBXFileReference; fileEncoding = 4; lastKnownFileType = sourcecode.c.h; path = DDMarketViewModel.h; sourceTree = "<group>"; };
		32ECF0731DB3636800BDF272 /* DDMarketViewModel.m */ = {isa = PBXFileReference; fileEncoding = 4; lastKnownFileType = sourcecode.c.objc; path = DDMarketViewModel.m; sourceTree = "<group>"; };
		32ECF0761DB3636800BDF272 /* .gitkeep */ = {isa = PBXFileReference; fileEncoding = 4; lastKnownFileType = text; path = .gitkeep; sourceTree = "<group>"; };
		32ECF0771DB3636800BDF272 /* NSArray+Log.h */ = {isa = PBXFileReference; fileEncoding = 4; lastKnownFileType = sourcecode.c.h; path = "NSArray+Log.h"; sourceTree = "<group>"; };
		32ECF0781DB3636800BDF272 /* NSArray+Log.m */ = {isa = PBXFileReference; fileEncoding = 4; lastKnownFileType = sourcecode.c.objc; path = "NSArray+Log.m"; sourceTree = "<group>"; };
		32ECF07A1DB3636800BDF272 /* .gitkeep */ = {isa = PBXFileReference; fileEncoding = 4; lastKnownFileType = text; path = .gitkeep; sourceTree = "<group>"; };
		32ECF07B1DB3636800BDF272 /* ConstntDefine.h */ = {isa = PBXFileReference; fileEncoding = 4; lastKnownFileType = sourcecode.c.h; path = ConstntDefine.h; sourceTree = "<group>"; };
		32ECF07C1DB3636800BDF272 /* NotificationDefine.h */ = {isa = PBXFileReference; fileEncoding = 4; lastKnownFileType = sourcecode.c.h; path = NotificationDefine.h; sourceTree = "<group>"; };
		32ECF07D1DB3636800BDF272 /* NotificationDefine.m */ = {isa = PBXFileReference; fileEncoding = 4; lastKnownFileType = sourcecode.c.objc; path = NotificationDefine.m; sourceTree = "<group>"; };
		32ECF07E1DB3636800BDF272 /* TableConstant.h */ = {isa = PBXFileReference; fileEncoding = 4; lastKnownFileType = sourcecode.c.h; path = TableConstant.h; sourceTree = "<group>"; };
		32ECF0801DB3636800BDF272 /* UIBarButtonItem+DDBarButtonItem.h */ = {isa = PBXFileReference; fileEncoding = 4; lastKnownFileType = sourcecode.c.h; path = "UIBarButtonItem+DDBarButtonItem.h"; sourceTree = "<group>"; };
		32ECF0811DB3636800BDF272 /* UIBarButtonItem+DDBarButtonItem.m */ = {isa = PBXFileReference; fileEncoding = 4; lastKnownFileType = sourcecode.c.objc; path = "UIBarButtonItem+DDBarButtonItem.m"; sourceTree = "<group>"; };
		32ECF0821DB3636800BDF272 /* UIButton+CustomButton.h */ = {isa = PBXFileReference; fileEncoding = 4; lastKnownFileType = sourcecode.c.h; path = "UIButton+CustomButton.h"; sourceTree = "<group>"; };
		32ECF0831DB3636800BDF272 /* UIButton+CustomButton.m */ = {isa = PBXFileReference; fileEncoding = 4; lastKnownFileType = sourcecode.c.objc; path = "UIButton+CustomButton.m"; sourceTree = "<group>"; };
		32ECF0851DB3636800BDF272 /* .gitkeep */ = {isa = PBXFileReference; fileEncoding = 4; lastKnownFileType = text; path = .gitkeep; sourceTree = "<group>"; };
		32ECF0861DB3636800BDF272 /* HMNetworkTools.h */ = {isa = PBXFileReference; fileEncoding = 4; lastKnownFileType = sourcecode.c.h; path = HMNetworkTools.h; sourceTree = "<group>"; };
		32ECF0871DB3636800BDF272 /* HMNetworkTools.m */ = {isa = PBXFileReference; fileEncoding = 4; lastKnownFileType = sourcecode.c.objc; path = HMNetworkTools.m; sourceTree = "<group>"; };
		32ECF0881DB3636800BDF272 /* UIView+UIframe.h */ = {isa = PBXFileReference; fileEncoding = 4; lastKnownFileType = sourcecode.c.h; path = "UIView+UIframe.h"; sourceTree = "<group>"; };
		32ECF0891DB3636800BDF272 /* UIView+UIframe.m */ = {isa = PBXFileReference; fileEncoding = 4; lastKnownFileType = sourcecode.c.objc; path = "UIView+UIframe.m"; sourceTree = "<group>"; };
		32ECF08B1DB3636800BDF272 /* .gitkeep */ = {isa = PBXFileReference; fileEncoding = 4; lastKnownFileType = text; path = .gitkeep; sourceTree = "<group>"; };
		32ECF08D1DB3636800BDF272 /* DDKindViewCell.h */ = {isa = PBXFileReference; fileEncoding = 4; lastKnownFileType = sourcecode.c.h; path = DDKindViewCell.h; sourceTree = "<group>"; };
		32ECF08E1DB3636800BDF272 /* DDKindViewCell.m */ = {isa = PBXFileReference; fileEncoding = 4; lastKnownFileType = sourcecode.c.objc; path = DDKindViewCell.m; sourceTree = "<group>"; };
		32ECF08F1DB3636800BDF272 /* DDKindViewCell.xib */ = {isa = PBXFileReference; fileEncoding = 4; lastKnownFileType = file.xib; path = DDKindViewCell.xib; sourceTree = "<group>"; };
		32ECF0901DB3636800BDF272 /* DDProductKindView.h */ = {isa = PBXFileReference; fileEncoding = 4; lastKnownFileType = sourcecode.c.h; path = DDProductKindView.h; sourceTree = "<group>"; };
		32ECF0911DB3636800BDF272 /* DDProductKindView.m */ = {isa = PBXFileReference; fileEncoding = 4; lastKnownFileType = sourcecode.c.objc; path = DDProductKindView.m; sourceTree = "<group>"; };
		32ECF0921DB3636800BDF272 /* DDProductSelectVC.h */ = {isa = PBXFileReference; fileEncoding = 4; lastKnownFileType = sourcecode.c.h; path = DDProductSelectVC.h; sourceTree = "<group>"; };
		32ECF0931DB3636800BDF272 /* DDProductSelectVC.m */ = {isa = PBXFileReference; fileEncoding = 4; lastKnownFileType = sourcecode.c.objc; path = DDProductSelectVC.m; sourceTree = "<group>"; };
		32ECF0941DB3636800BDF272 /* DDProductViewCell.h */ = {isa = PBXFileReference; fileEncoding = 4; lastKnownFileType = sourcecode.c.h; path = DDProductViewCell.h; sourceTree = "<group>"; };
		32ECF0951DB3636800BDF272 /* DDProductViewCell.m */ = {isa = PBXFileReference; fileEncoding = 4; lastKnownFileType = sourcecode.c.objc; path = DDProductViewCell.m; sourceTree = "<group>"; };
		32ECF0961DB3636800BDF272 /* DDProductViewCell.xib */ = {isa = PBXFileReference; fileEncoding = 4; lastKnownFileType = file.xib; path = DDProductViewCell.xib; sourceTree = "<group>"; };
		32ECF0971DB3636800BDF272 /* DDTitleView.h */ = {isa = PBXFileReference; fileEncoding = 4; lastKnownFileType = sourcecode.c.h; path = DDTitleView.h; sourceTree = "<group>"; };
		32ECF0981DB3636800BDF272 /* DDTitleView.m */ = {isa = PBXFileReference; fileEncoding = 4; lastKnownFileType = sourcecode.c.objc; path = DDTitleView.m; sourceTree = "<group>"; };
		32ECF0991DB3636800BDF272 /* DDTitleView.xib */ = {isa = PBXFileReference; fileEncoding = 4; lastKnownFileType = file.xib; path = DDTitleView.xib; sourceTree = "<group>"; };
		5B01F75C1DB1ADA000E3A1EE /* PrefixHeader.pch */ = {isa = PBXFileReference; lastKnownFileType = sourcecode.c.h; path = PrefixHeader.pch; sourceTree = "<group>"; };
		5B0674201DB1371500299600 /* AppDelegate.h */ = {isa = PBXFileReference; fileEncoding = 4; lastKnownFileType = sourcecode.c.h; path = AppDelegate.h; sourceTree = "<group>"; };
		5B0674211DB1371500299600 /* AppDelegate.m */ = {isa = PBXFileReference; fileEncoding = 4; lastKnownFileType = sourcecode.c.objc; path = AppDelegate.m; sourceTree = "<group>"; };
		5B06744B1DB1371500299600 /* ViewController.h */ = {isa = PBXFileReference; fileEncoding = 4; lastKnownFileType = sourcecode.c.h; path = ViewController.h; sourceTree = "<group>"; };
		5B06744C1DB1371500299600 /* ViewController.m */ = {isa = PBXFileReference; fileEncoding = 4; lastKnownFileType = sourcecode.c.objc; path = ViewController.m; sourceTree = "<group>"; };
		5B0674621DB1375400299600 /* DSHTTPClient.h */ = {isa = PBXFileReference; fileEncoding = 4; lastKnownFileType = sourcecode.c.h; path = DSHTTPClient.h; sourceTree = "<group>"; };
		5B0674631DB1375400299600 /* DSHTTPClient.m */ = {isa = PBXFileReference; fileEncoding = 4; lastKnownFileType = sourcecode.c.objc; path = DSHTTPClient.m; sourceTree = "<group>"; };
		5B0674651DB13AF400299600 /* Assets 00-09-05-008.xcassets */ = {isa = PBXFileReference; lastKnownFileType = folder.assetcatalog; path = "Assets 00-09-05-008.xcassets"; sourceTree = "<group>"; };
		5BEC4FBE1DB1192100CA99B0 /* loveHoney.app */ = {isa = PBXFileReference; explicitFileType = wrapper.application; includeInIndex = 0; path = loveHoney.app; sourceTree = BUILT_PRODUCTS_DIR; };
		5BEC4FC21DB1192100CA99B0 /* main.m */ = {isa = PBXFileReference; lastKnownFileType = sourcecode.c.objc; path = main.m; sourceTree = "<group>"; };
		5BEC4FD21DB1192100CA99B0 /* Info.plist */ = {isa = PBXFileReference; lastKnownFileType = text.plist.xml; path = Info.plist; sourceTree = "<group>"; };
		9615B76D8AD026B4EA02009B /* libPods-loveHoney.a */ = {isa = PBXFileReference; explicitFileType = archive.ar; includeInIndex = 0; path = "libPods-loveHoney.a"; sourceTree = BUILT_PRODUCTS_DIR; };
		F25252F3DCBF081A3DA69CA7 /* Pods-loveHoney.release.xcconfig */ = {isa = PBXFileReference; includeInIndex = 1; lastKnownFileType = text.xcconfig; name = "Pods-loveHoney.release.xcconfig"; path = "Pods/Target Support Files/Pods-loveHoney/Pods-loveHoney.release.xcconfig"; sourceTree = "<group>"; };
/* End PBXFileReference section */

/* Begin PBXFrameworksBuildPhase section */
		5BEC4FBB1DB1192100CA99B0 /* Frameworks */ = {
			isa = PBXFrameworksBuildPhase;
			buildActionMask = 2147483647;
			files = (
				EFF7DD84238702ACD9DD77FA /* libPods-loveHoney.a in Frameworks */,
			);
			runOnlyForDeploymentPostprocessing = 0;
		};
/* End PBXFrameworksBuildPhase section */

/* Begin PBXGroup section */
		32ECF02B1DB3636800BDF272 /* Classes */ = {
			isa = PBXGroup;
			children = (
				32ECF02C1DB3636800BDF272 /* Controllers */,
				32ECF0701DB3636800BDF272 /* Modles */,
				32ECF0741DB3636800BDF272 /* Others */,
				32ECF08A1DB3636800BDF272 /* Views */,
			);
			path = Classes;
			sourceTree = "<group>";
		};
		32ECF02C1DB3636800BDF272 /* Controllers */ = {
			isa = PBXGroup;
			children = (
				32ECF02D1DB3636800BDF272 /* .gitkeep */,
				32ECF02E1DB3636800BDF272 /* Home */,
				32ECF0321DB3636800BDF272 /* Main */,
				32ECF0411DB3636800BDF272 /* market */,
				32ECF0451DB3636800BDF272 /* Me */,
				32ECF0521DB3636800BDF272 /* MyMenuAndMessage */,
				32ECF05C1DB3636800BDF272 /* shopping */,
				32ECF0671DB3636800BDF272 /* Welcome */,
			);
			path = Controllers;
			sourceTree = "<group>";
		};
		32ECF02E1DB3636800BDF272 /* Home */ = {
			isa = PBXGroup;
			children = (
				32ECF02F1DB3636800BDF272 /* .gitkeep */,
				32ECF0301DB3636800BDF272 /* HMHomeController.h */,
				32ECF0311DB3636800BDF272 /* HMHomeController.m */,
			);
			path = Home;
			sourceTree = "<group>";
		};
		32ECF0321DB3636800BDF272 /* Main */ = {
			isa = PBXGroup;
			children = (
				32ECF0331DB3636800BDF272 /* .gitkeep */,
				32ECF0341DB3636800BDF272 /* DDBaseNavController.h */,
				32ECF0351DB3636800BDF272 /* DDBaseNavController.m */,
				32ECF0361DB3636800BDF272 /* DDBaseViewController.h */,
				32ECF0371DB3636800BDF272 /* DDBaseViewController.m */,
				32ECF0381DB3636800BDF272 /* HBTableBarController.h */,
				32ECF0391DB3636800BDF272 /* HBTableBarController.m */,
				32ECF03A1DB3636800BDF272 /* hideBottomBarNavagationControl.h */,
				32ECF03B1DB3636800BDF272 /* hideBottomBarNavagationControl.m */,
				32ECF03C1DB3636800BDF272 /* view */,
			);
			path = Main;
			sourceTree = "<group>";
		};
		32ECF03C1DB3636800BDF272 /* view */ = {
			isa = PBXGroup;
			children = (
				32ECF03D1DB3636800BDF272 /* HMTabBar.h */,
				32ECF03E1DB3636800BDF272 /* HMTabBar.m */,
				32ECF03F1DB3636800BDF272 /* HMTabbarButton.h */,
				32ECF0401DB3636800BDF272 /* HMTabbarButton.m */,
			);
			path = view;
			sourceTree = "<group>";
		};
		32ECF0411DB3636800BDF272 /* market */ = {
			isa = PBXGroup;
			children = (
				32ECF0421DB3636800BDF272 /* .gitkeep */,
				32ECF0431DB3636800BDF272 /* HMMarketViewController.h */,
				32ECF0441DB3636800BDF272 /* HMMarketViewController.m */,
			);
			path = market;
			sourceTree = "<group>";
		};
		32ECF0451DB3636800BDF272 /* Me */ = {
			isa = PBXGroup;
			children = (
				32ECF0461DB3636800BDF272 /* .gitkeep */,
				32ECF0471DB3636800BDF272 /* HMMeViewController.h */,
				32ECF0481DB3636800BDF272 /* HMMeViewController.m */,
				32ECF0491DB3636800BDF272 /* View */,
			);
			path = Me;
			sourceTree = "<group>";
		};
		32ECF0491DB3636800BDF272 /* View */ = {
			isa = PBXGroup;
			children = (
				32ECF04A1DB3636800BDF272 /* HMMenuTableViewCell2.h */,
				32ECF04B1DB3636800BDF272 /* HMMenuTableViewCell2.m */,
				32ECF04C1DB3636800BDF272 /* HMMenuTableViewCell2.xib */,
				32ECF04D1DB3636800BDF272 /* HMMeTableViewCell1.h */,
				32ECF04E1DB3636800BDF272 /* HMMeTableViewCell1.m */,
				32ECF04F1DB3636800BDF272 /* HMMeTableViewCell1.xib */,
				32ECF0501DB3636800BDF272 /* HMVerticalTitleButton.h */,
				32ECF0511DB3636800BDF272 /* HMVerticalTitleButton.m */,
			);
			path = View;
			sourceTree = "<group>";
		};
		32ECF0521DB3636800BDF272 /* MyMenuAndMessage */ = {
			isa = PBXGroup;
			children = (
				32ECF0531DB3636800BDF272 /* myMeassage */,
				32ECF0561DB3636800BDF272 /* myMenu */,
				32ECF0591DB3636800BDF272 /* youhuiQuan */,
			);
			path = MyMenuAndMessage;
			sourceTree = "<group>";
		};
		32ECF0531DB3636800BDF272 /* myMeassage */ = {
			isa = PBXGroup;
			children = (
				32ECF0541DB3636800BDF272 /* HMMyMessageController.h */,
				32ECF0551DB3636800BDF272 /* HMMyMessageController.m */,
			);
			path = myMeassage;
			sourceTree = "<group>";
		};
		32ECF0561DB3636800BDF272 /* myMenu */ = {
			isa = PBXGroup;
			children = (
				32ECF0571DB3636800BDF272 /* HMMyMeNuController.h */,
				32ECF0581DB3636800BDF272 /* HMMyMeNuController.m */,
			);
			path = myMenu;
			sourceTree = "<group>";
		};
		32ECF0591DB3636800BDF272 /* youhuiQuan */ = {
			isa = PBXGroup;
			children = (
				32ECF05A1DB3636800BDF272 /* HMYouHuiQuanController.h */,
				32ECF05B1DB3636800BDF272 /* HMYouHuiQuanController.m */,
			);
			path = youhuiQuan;
			sourceTree = "<group>";
		};
		32ECF05C1DB3636800BDF272 /* shopping */ = {
			isa = PBXGroup;
			children = (
				32ECF05D1DB3636800BDF272 /* .gitkeep */,
				32ECF05E1DB3636800BDF272 /* HMShopingSucessCell */,
				32ECF0621DB3636800BDF272 /* HMShoppingViewController.h */,
				32ECF0631DB3636800BDF272 /* HMShoppingViewController.m */,
				32ECF0641DB3636800BDF272 /* ShopingSucessController */,
			);
			path = shopping;
			sourceTree = "<group>";
		};
		32ECF05E1DB3636800BDF272 /* HMShopingSucessCell */ = {
			isa = PBXGroup;
			children = (
				32ECF05F1DB3636800BDF272 /* HMTableViewCell.h */,
				32ECF0601DB3636800BDF272 /* HMTableViewCell.m */,
				32ECF0611DB3636800BDF272 /* HMTableViewCell.xib */,
			);
			path = HMShopingSucessCell;
			sourceTree = "<group>";
		};
		32ECF0641DB3636800BDF272 /* ShopingSucessController */ = {
			isa = PBXGroup;
			children = (
				32ECF0651DB3636800BDF272 /* HMTableViewController.h */,
				32ECF0661DB3636800BDF272 /* HMTableViewController.m */,
			);
			path = ShopingSucessController;
			sourceTree = "<group>";
		};
		32ECF0671DB3636800BDF272 /* Welcome */ = {
			isa = PBXGroup;
			children = (
				32ECF0681DB3636800BDF272 /* .gitkeep */,
				32ECF0691DB3636800BDF272 /* Model */,
				32ECF06B1DB3636800BDF272 /* View */,
				32ECF06E1DB3636800BDF272 /* WecomeAnimation.h */,
				32ECF06F1DB3636800BDF272 /* WecomeAnimation.m */,
			);
			path = Welcome;
			sourceTree = "<group>";
		};
		32ECF0691DB3636800BDF272 /* Model */ = {
			isa = PBXGroup;
			children = (
				32ECF06A1DB3636800BDF272 /* .gitkeep */,
			);
			path = Model;
			sourceTree = "<group>";
		};
		32ECF06B1DB3636800BDF272 /* View */ = {
			isa = PBXGroup;
			children = (
				32ECF06C1DB3636800BDF272 /* WelcomCell.h */,
				32ECF06D1DB3636800BDF272 /* WelcomCell.m */,
			);
			path = View;
			sourceTree = "<group>";
		};
		32ECF0701DB3636800BDF272 /* Modles */ = {
			isa = PBXGroup;
			children = (
				32ECF0711DB3636800BDF272 /* .gitkeep */,
				32ECF0721DB3636800BDF272 /* DDMarketViewModel.h */,
				32ECF0731DB3636800BDF272 /* DDMarketViewModel.m */,
			);
			path = Modles;
			sourceTree = "<group>";
		};
		32ECF0741DB3636800BDF272 /* Others */ = {
			isa = PBXGroup;
			children = (
				32ECF0751DB3636800BDF272 /* catogry */,
				32ECF0791DB3636800BDF272 /* common */,
				32ECF07F1DB3636800BDF272 /* Extension */,
				32ECF0841DB3636800BDF272 /* tools */,
			);
			path = Others;
			sourceTree = "<group>";
		};
		32ECF0751DB3636800BDF272 /* catogry */ = {
			isa = PBXGroup;
			children = (
				32ECF0761DB3636800BDF272 /* .gitkeep */,
				32ECF0771DB3636800BDF272 /* NSArray+Log.h */,
				32ECF0781DB3636800BDF272 /* NSArray+Log.m */,
			);
			path = catogry;
			sourceTree = "<group>";
		};
		32ECF0791DB3636800BDF272 /* common */ = {
			isa = PBXGroup;
			children = (
				32ECF07A1DB3636800BDF272 /* .gitkeep */,
				32ECF07B1DB3636800BDF272 /* ConstntDefine.h */,
				32ECF07C1DB3636800BDF272 /* NotificationDefine.h */,
				32ECF07D1DB3636800BDF272 /* NotificationDefine.m */,
				32ECF07E1DB3636800BDF272 /* TableConstant.h */,
			);
			path = common;
			sourceTree = "<group>";
		};
		32ECF07F1DB3636800BDF272 /* Extension */ = {
			isa = PBXGroup;
			children = (
				32ECF0801DB3636800BDF272 /* UIBarButtonItem+DDBarButtonItem.h */,
				32ECF0811DB3636800BDF272 /* UIBarButtonItem+DDBarButtonItem.m */,
				32ECF0821DB3636800BDF272 /* UIButton+CustomButton.h */,
				32ECF0831DB3636800BDF272 /* UIButton+CustomButton.m */,
			);
			path = Extension;
			sourceTree = "<group>";
		};
		32ECF0841DB3636800BDF272 /* tools */ = {
			isa = PBXGroup;
			children = (
				32ECF0851DB3636800BDF272 /* .gitkeep */,
				32ECF0861DB3636800BDF272 /* HMNetworkTools.h */,
				32ECF0871DB3636800BDF272 /* HMNetworkTools.m */,
				32ECF0881DB3636800BDF272 /* UIView+UIframe.h */,
				32ECF0891DB3636800BDF272 /* UIView+UIframe.m */,
			);
			path = tools;
			sourceTree = "<group>";
		};
		32ECF08A1DB3636800BDF272 /* Views */ = {
			isa = PBXGroup;
			children = (
				32ECF08B1DB3636800BDF272 /* .gitkeep */,
				32ECF08C1DB3636800BDF272 /* ProductKindView */,
			);
			path = Views;
			sourceTree = "<group>";
		};
		32ECF08C1DB3636800BDF272 /* ProductKindView */ = {
			isa = PBXGroup;
			children = (
				32ECF08D1DB3636800BDF272 /* DDKindViewCell.h */,
				32ECF08E1DB3636800BDF272 /* DDKindViewCell.m */,
				32ECF08F1DB3636800BDF272 /* DDKindViewCell.xib */,
				32ECF0901DB3636800BDF272 /* DDProductKindView.h */,
				32ECF0911DB3636800BDF272 /* DDProductKindView.m */,
				32ECF0921DB3636800BDF272 /* DDProductSelectVC.h */,
				32ECF0931DB3636800BDF272 /* DDProductSelectVC.m */,
				32ECF0941DB3636800BDF272 /* DDProductViewCell.h */,
				32ECF0951DB3636800BDF272 /* DDProductViewCell.m */,
				32ECF0961DB3636800BDF272 /* DDProductViewCell.xib */,
				32ECF0971DB3636800BDF272 /* DDTitleView.h */,
				32ECF0981DB3636800BDF272 /* DDTitleView.m */,
				32ECF0991DB3636800BDF272 /* DDTitleView.xib */,
			);
			path = ProductKindView;
			sourceTree = "<group>";
		};
		545D9F0547DDDAF0A5BF1B96 /* Pods */ = {
			isa = PBXGroup;
			children = (
				055F5C9A44396790450CF0E2 /* Pods-loveHoney.debug.xcconfig */,
				F25252F3DCBF081A3DA69CA7 /* Pods-loveHoney.release.xcconfig */,
			);
			name = Pods;
			sourceTree = "<group>";
		};
		5B06734A1DB1324400299600 /* Base.lproj */ = {
			isa = PBXGroup;
			children = (
			);
			path = Base.lproj;
			sourceTree = "<group>";
		};
		5BEC4FB51DB1192100CA99B0 = {
			isa = PBXGroup;
			children = (
				5BEC4FC01DB1192100CA99B0 /* loveHoney */,
				5BEC4FBF1DB1192100CA99B0 /* Products */,
				545D9F0547DDDAF0A5BF1B96 /* Pods */,
				F91E465377817DC3DBC7ACA2 /* Frameworks */,
			);
			sourceTree = "<group>";
		};
		5BEC4FBF1DB1192100CA99B0 /* Products */ = {
			isa = PBXGroup;
			children = (
				5BEC4FBE1DB1192100CA99B0 /* loveHoney.app */,
			);
			name = Products;
			sourceTree = "<group>";
		};
		5BEC4FC01DB1192100CA99B0 /* loveHoney */ = {
			isa = PBXGroup;
			children = (
				5B0674201DB1371500299600 /* AppDelegate.h */,
				5B0674211DB1371500299600 /* AppDelegate.m */,
				5B0674621DB1375400299600 /* DSHTTPClient.h */,
				5B0674631DB1375400299600 /* DSHTTPClient.m */,
				5B01F75C1DB1ADA000E3A1EE /* PrefixHeader.pch */,
				32ECF02B1DB3636800BDF272 /* Classes */,
				5B06744B1DB1371500299600 /* ViewController.h */,
				5B06744C1DB1371500299600 /* ViewController.m */,
				5B0674651DB13AF400299600 /* Assets 00-09-05-008.xcassets */,
				5B06734A1DB1324400299600 /* Base.lproj */,
				5BEC4FD21DB1192100CA99B0 /* Info.plist */,
				5BEC4FC11DB1192100CA99B0 /* Supporting Files */,
			);
			path = loveHoney;
			sourceTree = "<group>";
		};
		5BEC4FC11DB1192100CA99B0 /* Supporting Files */ = {
			isa = PBXGroup;
			children = (
				5BEC4FC21DB1192100CA99B0 /* main.m */,
			);
			name = "Supporting Files";
			sourceTree = "<group>";
		};
		F91E465377817DC3DBC7ACA2 /* Frameworks */ = {
			isa = PBXGroup;
			children = (
				9615B76D8AD026B4EA02009B /* libPods-loveHoney.a */,
			);
			name = Frameworks;
			sourceTree = "<group>";
		};
/* End PBXGroup section */

/* Begin PBXNativeTarget section */
		5BEC4FBD1DB1192100CA99B0 /* loveHoney */ = {
			isa = PBXNativeTarget;
			buildConfigurationList = 5BEC4FD51DB1192100CA99B0 /* Build configuration list for PBXNativeTarget "loveHoney" */;
			buildPhases = (
				F6DC3F004C044C1A0E079483 /* [CP] Check Pods Manifest.lock */,
				5BEC4FBA1DB1192100CA99B0 /* Sources */,
				5BEC4FBB1DB1192100CA99B0 /* Frameworks */,
				5BEC4FBC1DB1192100CA99B0 /* Resources */,
				624F8BD19C45EE823FA758F7 /* [CP] Embed Pods Frameworks */,
				395C4F65B8E937C8E7C36FD0 /* [CP] Copy Pods Resources */,
			);
			buildRules = (
			);
			dependencies = (
			);
			name = loveHoney;
			productName = loveHoney;
			productReference = 5BEC4FBE1DB1192100CA99B0 /* loveHoney.app */;
			productType = "com.apple.product-type.application";
		};
/* End PBXNativeTarget section */

/* Begin PBXProject section */
		5BEC4FB61DB1192100CA99B0 /* Project object */ = {
			isa = PBXProject;
			attributes = {
				CLASSPREFIX = HM;
				LastUpgradeCheck = 0800;
				ORGANIZATIONNAME = hebing;
				TargetAttributes = {
					5BEC4FBD1DB1192100CA99B0 = {
						CreatedOnToolsVersion = 8.0;
						ProvisioningStyle = Automatic;
					};
				};
			};
			buildConfigurationList = 5BEC4FB91DB1192100CA99B0 /* Build configuration list for PBXProject "loveHoney" */;
			compatibilityVersion = "Xcode 3.2";
			developmentRegion = English;
			hasScannedForEncodings = 0;
			knownRegions = (
				en,
				Base,
			);
			mainGroup = 5BEC4FB51DB1192100CA99B0;
			productRefGroup = 5BEC4FBF1DB1192100CA99B0 /* Products */;
			projectDirPath = "";
			projectRoot = "";
			targets = (
				5BEC4FBD1DB1192100CA99B0 /* loveHoney */,
			);
		};
/* End PBXProject section */

/* Begin PBXResourcesBuildPhase section */
		5BEC4FBC1DB1192100CA99B0 /* Resources */ = {
			isa = PBXResourcesBuildPhase;
			buildActionMask = 2147483647;
			files = (
				32ECF09B1DB3636800BDF272 /* .gitkeep in Resources */,
				32ECF0CC1DB3636900BDF272 /* DDTitleView.xib in Resources */,
				5B0674661DB13AF400299600 /* Assets 00-09-05-008.xcassets in Resources */,
				32ECF0B51DB3636900BDF272 /* .gitkeep in Resources */,
				32ECF0B61DB3636900BDF272 /* .gitkeep in Resources */,
				32ECF0AB1DB3636900BDF272 /* HMMeTableViewCell1.xib in Resources */,
				32ECF0B01DB3636900BDF272 /* .gitkeep in Resources */,
				32ECF0B21DB3636900BDF272 /* HMTableViewCell.xib in Resources */,
				32ECF0A41DB3636800BDF272 /* .gitkeep in Resources */,
				32ECF0CA1DB3636900BDF272 /* DDProductViewCell.xib in Resources */,
				32ECF0B91DB3636900BDF272 /* .gitkeep in Resources */,
				32ECF0A61DB3636900BDF272 /* .gitkeep in Resources */,
				32ECF0A91DB3636900BDF272 /* HMMenuTableViewCell2.xib in Resources */,
				32ECF0C41DB3636900BDF272 /* .gitkeep in Resources */,
				32ECF09A1DB3636800BDF272 /* .gitkeep in Resources */,
				32ECF0BD1DB3636900BDF272 /* .gitkeep in Resources */,
				32ECF0C61DB3636900BDF272 /* DDKindViewCell.xib in Resources */,
				32ECF09D1DB3636800BDF272 /* .gitkeep in Resources */,
				32ECF0BB1DB3636900BDF272 /* .gitkeep in Resources */,
				32ECF0C11DB3636900BDF272 /* .gitkeep in Resources */,
			);
			runOnlyForDeploymentPostprocessing = 0;
		};
/* End PBXResourcesBuildPhase section */

/* Begin PBXShellScriptBuildPhase section */
		395C4F65B8E937C8E7C36FD0 /* [CP] Copy Pods Resources */ = {
			isa = PBXShellScriptBuildPhase;
			buildActionMask = 2147483647;
			files = (
			);
			inputPaths = (
			);
			name = "[CP] Copy Pods Resources";
			outputPaths = (
			);
			runOnlyForDeploymentPostprocessing = 0;
			shellPath = /bin/sh;
			shellScript = "\"${SRCROOT}/Pods/Target Support Files/Pods-loveHoney/Pods-loveHoney-resources.sh\"\n";
			showEnvVarsInLog = 0;
		};
		624F8BD19C45EE823FA758F7 /* [CP] Embed Pods Frameworks */ = {
			isa = PBXShellScriptBuildPhase;
			buildActionMask = 2147483647;
			files = (
			);
			inputPaths = (
			);
			name = "[CP] Embed Pods Frameworks";
			outputPaths = (
			);
			runOnlyForDeploymentPostprocessing = 0;
			shellPath = /bin/sh;
			shellScript = "\"${SRCROOT}/Pods/Target Support Files/Pods-loveHoney/Pods-loveHoney-frameworks.sh\"\n";
			showEnvVarsInLog = 0;
		};
		F6DC3F004C044C1A0E079483 /* [CP] Check Pods Manifest.lock */ = {
			isa = PBXShellScriptBuildPhase;
			buildActionMask = 2147483647;
			files = (
			);
			inputPaths = (
			);
			name = "[CP] Check Pods Manifest.lock";
			outputPaths = (
			);
			runOnlyForDeploymentPostprocessing = 0;
			shellPath = /bin/sh;
			shellScript = "diff \"${PODS_ROOT}/../Podfile.lock\" \"${PODS_ROOT}/Manifest.lock\" > /dev/null\nif [ $? != 0 ] ; then\n    # print error to STDERR\n    echo \"error: The sandbox is not in sync with the Podfile.lock. Run 'pod install' or update your CocoaPods installation.\" >&2\n    exit 1\nfi\n";
			showEnvVarsInLog = 0;
		};
/* End PBXShellScriptBuildPhase section */

/* Begin PBXSourcesBuildPhase section */
		5BEC4FBA1DB1192100CA99B0 /* Sources */ = {
			isa = PBXSourcesBuildPhase;
			buildActionMask = 2147483647;
			files = (
				32ECF0AA1DB3636900BDF272 /* HMMeTableViewCell1.m in Sources */,
				32ECF0C21DB3636900BDF272 /* HMNetworkTools.m in Sources */,
				32ECF0A21DB3636800BDF272 /* HMTabBar.m in Sources */,
				32ECF09C1DB3636800BDF272 /* HMHomeController.m in Sources */,
				32ECF0C91DB3636900BDF272 /* DDProductViewCell.m in Sources */,
				32ECF0A31DB3636800BDF272 /* HMTabbarButton.m in Sources */,
				32ECF0B81DB3636900BDF272 /* WecomeAnimation.m in Sources */,
				32ECF0A51DB3636900BDF272 /* HMMarketViewController.m in Sources */,
				32ECF0A81DB3636900BDF272 /* HMMenuTableViewCell2.m in Sources */,
				32ECF0BC1DB3636900BDF272 /* NSArray+Log.m in Sources */,
				32ECF0B31DB3636900BDF272 /* HMShoppingViewController.m in Sources */,
				5B0674611DB1371500299600 /* ViewController.m in Sources */,
				32ECF0B41DB3636900BDF272 /* HMTableViewController.m in Sources */,
				32ECF09E1DB3636800BDF272 /* DDBaseNavController.m in Sources */,
				32ECF0C31DB3636900BDF272 /* UIView+UIframe.m in Sources */,
				32ECF0BA1DB3636900BDF272 /* DDMarketViewModel.m in Sources */,
				32ECF0A11DB3636800BDF272 /* hideBottomBarNavagationControl.m in Sources */,
				5B06744D1DB1371500299600 /* AppDelegate.m in Sources */,
				32ECF0AF1DB3636900BDF272 /* HMYouHuiQuanController.m in Sources */,
				32ECF0A01DB3636800BDF272 /* HBTableBarController.m in Sources */,
				32ECF0C71DB3636900BDF272 /* DDProductKindView.m in Sources */,
				32ECF0A71DB3636900BDF272 /* HMMeViewController.m in Sources */,
				32ECF0C51DB3636900BDF272 /* DDKindViewCell.m in Sources */,
				32ECF09F1DB3636800BDF272 /* DDBaseViewController.m in Sources */,
				32ECF0AE1DB3636900BDF272 /* HMMyMeNuController.m in Sources */,
				5BEC4FC31DB1192100CA99B0 /* main.m in Sources */,
				32ECF0B11DB3636900BDF272 /* HMTableViewCell.m in Sources */,
				32ECF0C81DB3636900BDF272 /* DDProductSelectVC.m in Sources */,
				32ECF0BE1DB3636900BDF272 /* NotificationDefine.m in Sources */,
				32ECF0CB1DB3636900BDF272 /* DDTitleView.m in Sources */,
				32ECF0BF1DB3636900BDF272 /* UIBarButtonItem+DDBarButtonItem.m in Sources */,
				32ECF0C01DB3636900BDF272 /* UIButton+CustomButton.m in Sources */,
				32ECF0B71DB3636900BDF272 /* WelcomCell.m in Sources */,
				5B0674641DB1375400299600 /* DSHTTPClient.m in Sources */,
				32ECF0AC1DB3636900BDF272 /* HMVerticalTitleButton.m in Sources */,
				32ECF0AD1DB3636900BDF272 /* HMMyMessageController.m in Sources */,
			);
			runOnlyForDeploymentPostprocessing = 0;
		};
/* End PBXSourcesBuildPhase section */

/* Begin XCBuildConfiguration section */
		5BEC4FD31DB1192100CA99B0 /* Debug */ = {
			isa = XCBuildConfiguration;
			buildSettings = {
				ALWAYS_SEARCH_USER_PATHS = NO;
				CLANG_ANALYZER_NONNULL = YES;
				CLANG_CXX_LANGUAGE_STANDARD = "gnu++0x";
				CLANG_CXX_LIBRARY = "libc++";
				CLANG_ENABLE_MODULES = YES;
				CLANG_ENABLE_OBJC_ARC = YES;
				CLANG_WARN_BOOL_CONVERSION = YES;
				CLANG_WARN_CONSTANT_CONVERSION = YES;
				CLANG_WARN_DIRECT_OBJC_ISA_USAGE = YES_ERROR;
				CLANG_WARN_DOCUMENTATION_COMMENTS = YES;
				CLANG_WARN_EMPTY_BODY = YES;
				CLANG_WARN_ENUM_CONVERSION = YES;
				CLANG_WARN_INFINITE_RECURSION = YES;
				CLANG_WARN_INT_CONVERSION = YES;
				CLANG_WARN_OBJC_ROOT_CLASS = YES_ERROR;
				CLANG_WARN_SUSPICIOUS_MOVES = YES;
				CLANG_WARN_UNREACHABLE_CODE = YES;
				CLANG_WARN__DUPLICATE_METHOD_MATCH = YES;
				"CODE_SIGN_IDENTITY[sdk=iphoneos*]" = "iPhone Developer";
				COPY_PHASE_STRIP = NO;
				DEBUG_INFORMATION_FORMAT = dwarf;
				ENABLE_STRICT_OBJC_MSGSEND = YES;
				ENABLE_TESTABILITY = YES;
				GCC_C_LANGUAGE_STANDARD = gnu99;
				GCC_DYNAMIC_NO_PIC = NO;
				GCC_NO_COMMON_BLOCKS = YES;
				GCC_OPTIMIZATION_LEVEL = 0;
				GCC_PREPROCESSOR_DEFINITIONS = (
					"DEBUG=1",
					"$(inherited)",
				);
				GCC_WARN_64_TO_32_BIT_CONVERSION = YES;
				GCC_WARN_ABOUT_RETURN_TYPE = YES_ERROR;
				GCC_WARN_UNDECLARED_SELECTOR = YES;
				GCC_WARN_UNINITIALIZED_AUTOS = YES_AGGRESSIVE;
				GCC_WARN_UNUSED_FUNCTION = YES;
				GCC_WARN_UNUSED_VARIABLE = YES;
				IPHONEOS_DEPLOYMENT_TARGET = 10.0;
				MTL_ENABLE_DEBUG_INFO = YES;
				ONLY_ACTIVE_ARCH = YES;
				SDKROOT = iphoneos;
			};
			name = Debug;
		};
		5BEC4FD41DB1192100CA99B0 /* Release */ = {
			isa = XCBuildConfiguration;
			buildSettings = {
				ALWAYS_SEARCH_USER_PATHS = NO;
				CLANG_ANALYZER_NONNULL = YES;
				CLANG_CXX_LANGUAGE_STANDARD = "gnu++0x";
				CLANG_CXX_LIBRARY = "libc++";
				CLANG_ENABLE_MODULES = YES;
				CLANG_ENABLE_OBJC_ARC = YES;
				CLANG_WARN_BOOL_CONVERSION = YES;
				CLANG_WARN_CONSTANT_CONVERSION = YES;
				CLANG_WARN_DIRECT_OBJC_ISA_USAGE = YES_ERROR;
				CLANG_WARN_DOCUMENTATION_COMMENTS = YES;
				CLANG_WARN_EMPTY_BODY = YES;
				CLANG_WARN_ENUM_CONVERSION = YES;
				CLANG_WARN_INFINITE_RECURSION = YES;
				CLANG_WARN_INT_CONVERSION = YES;
				CLANG_WARN_OBJC_ROOT_CLASS = YES_ERROR;
				CLANG_WARN_SUSPICIOUS_MOVES = YES;
				CLANG_WARN_UNREACHABLE_CODE = YES;
				CLANG_WARN__DUPLICATE_METHOD_MATCH = YES;
				"CODE_SIGN_IDENTITY[sdk=iphoneos*]" = "iPhone Developer";
				COPY_PHASE_STRIP = NO;
				DEBUG_INFORMATION_FORMAT = "dwarf-with-dsym";
				ENABLE_NS_ASSERTIONS = NO;
				ENABLE_STRICT_OBJC_MSGSEND = YES;
				GCC_C_LANGUAGE_STANDARD = gnu99;
				GCC_NO_COMMON_BLOCKS = YES;
				GCC_WARN_64_TO_32_BIT_CONVERSION = YES;
				GCC_WARN_ABOUT_RETURN_TYPE = YES_ERROR;
				GCC_WARN_UNDECLARED_SELECTOR = YES;
				GCC_WARN_UNINITIALIZED_AUTOS = YES_AGGRESSIVE;
				GCC_WARN_UNUSED_FUNCTION = YES;
				GCC_WARN_UNUSED_VARIABLE = YES;
				IPHONEOS_DEPLOYMENT_TARGET = 10.0;
				MTL_ENABLE_DEBUG_INFO = NO;
				SDKROOT = iphoneos;
				VALIDATE_PRODUCT = YES;
			};
			name = Release;
		};
		5BEC4FD61DB1192100CA99B0 /* Debug */ = {
			isa = XCBuildConfiguration;
			baseConfigurationReference = 055F5C9A44396790450CF0E2 /* Pods-loveHoney.debug.xcconfig */;
			buildSettings = {
				ASSETCATALOG_COMPILER_APPICON_NAME = AppIcon;
				ASSETCATALOG_COMPILER_LAUNCHIMAGE_NAME = LaunchImage;
				GCC_INCREASE_PRECOMPILED_HEADER_SHARING = NO;
				GCC_PRECOMPILE_PREFIX_HEADER = YES;
				GCC_PREFIX_HEADER = loveHoney/PrefixHeader.pch;
				INFOPLIST_FILE = loveHoney/Info.plist;
				IPHONEOS_DEPLOYMENT_TARGET = 8.0;
				LD_RUNPATH_SEARCH_PATHS = "$(inherited) @executable_path/Frameworks";
				PRODUCT_BUNDLE_IDENTIFIER = dd.loveHoney;
				PRODUCT_NAME = "$(TARGET_NAME)";
			};
			name = Debug;
		};
		5BEC4FD71DB1192100CA99B0 /* Release */ = {
			isa = XCBuildConfiguration;
			baseConfigurationReference = F25252F3DCBF081A3DA69CA7 /* Pods-loveHoney.release.xcconfig */;
			buildSettings = {
				ASSETCATALOG_COMPILER_APPICON_NAME = AppIcon;
				ASSETCATALOG_COMPILER_LAUNCHIMAGE_NAME = LaunchImage;
				GCC_INCREASE_PRECOMPILED_HEADER_SHARING = NO;
				GCC_PRECOMPILE_PREFIX_HEADER = YES;
				GCC_PREFIX_HEADER = loveHoney/PrefixHeader.pch;
				INFOPLIST_FILE = loveHoney/Info.plist;
				IPHONEOS_DEPLOYMENT_TARGET = 8.0;
				LD_RUNPATH_SEARCH_PATHS = "$(inherited) @executable_path/Frameworks";
				PRODUCT_BUNDLE_IDENTIFIER = dd.loveHoney;
				PRODUCT_NAME = "$(TARGET_NAME)";
			};
			name = Release;
		};
/* End XCBuildConfiguration section */

/* Begin XCConfigurationList section */
		5BEC4FB91DB1192100CA99B0 /* Build configuration list for PBXProject "loveHoney" */ = {
			isa = XCConfigurationList;
			buildConfigurations = (
				5BEC4FD31DB1192100CA99B0 /* Debug */,
				5BEC4FD41DB1192100CA99B0 /* Release */,
			);
			defaultConfigurationIsVisible = 0;
			defaultConfigurationName = Release;
		};
		5BEC4FD51DB1192100CA99B0 /* Build configuration list for PBXNativeTarget "loveHoney" */ = {
			isa = XCConfigurationList;
			buildConfigurations = (
				5BEC4FD61DB1192100CA99B0 /* Debug */,
				5BEC4FD71DB1192100CA99B0 /* Release */,
			);
			defaultConfigurationIsVisible = 0;
			defaultConfigurationName = Release;
		};
/* End XCConfigurationList section */
	};
	rootObject = 5BEC4FB61DB1192100CA99B0 /* Project object */;
}
