// !$*UTF8*$!
{
	archiveVersion = 1;
	classes = {
	};
	objectVersion = 46;
	objects = {

/* Begin PBXBuildFile section */
		32FDCE5A1DB31B1900899583 /* .gitkeep in Resources */ = {isa = PBXBuildFile; fileRef = 32FDCDFA1DB31B1900899583 /* .gitkeep */; };
		32FDCE5B1DB31B1900899583 /* .gitkeep in Resources */ = {isa = PBXBuildFile; fileRef = 32FDCDFC1DB31B1900899583 /* .gitkeep */; };
		32FDCE5C1DB31B1900899583 /* HMHomeController.m in Sources */ = {isa = PBXBuildFile; fileRef = 32FDCDFE1DB31B1900899583 /* HMHomeController.m */; };
		32FDCE5D1DB31B1900899583 /* .gitkeep in Resources */ = {isa = PBXBuildFile; fileRef = 32FDCE001DB31B1900899583 /* .gitkeep */; };
		32FDCE5E1DB31B1900899583 /* DDBaseNavController.m in Sources */ = {isa = PBXBuildFile; fileRef = 32FDCE021DB31B1900899583 /* DDBaseNavController.m */; };
		32FDCE5F1DB31B1900899583 /* DDBaseViewController.m in Sources */ = {isa = PBXBuildFile; fileRef = 32FDCE041DB31B1900899583 /* DDBaseViewController.m */; };
		32FDCE601DB31B1900899583 /* HBTableBarController.m in Sources */ = {isa = PBXBuildFile; fileRef = 32FDCE061DB31B1900899583 /* HBTableBarController.m */; };
		32FDCE611DB31B1900899583 /* hideBottomBarNavagationControl.m in Sources */ = {isa = PBXBuildFile; fileRef = 32FDCE081DB31B1900899583 /* hideBottomBarNavagationControl.m */; };
		32FDCE621DB31B1900899583 /* .gitkeep in Resources */ = {isa = PBXBuildFile; fileRef = 32FDCE0A1DB31B1900899583 /* .gitkeep */; };
		32FDCE631DB31B1900899583 /* HMMarketViewController.m in Sources */ = {isa = PBXBuildFile; fileRef = 32FDCE0C1DB31B1900899583 /* HMMarketViewController.m */; };
		32FDCE641DB31B1900899583 /* .gitkeep in Resources */ = {isa = PBXBuildFile; fileRef = 32FDCE0E1DB31B1900899583 /* .gitkeep */; };
		32FDCE651DB31B1900899583 /* HMMeViewController.m in Sources */ = {isa = PBXBuildFile; fileRef = 32FDCE101DB31B1900899583 /* HMMeViewController.m */; };
		32FDCE661DB31B1900899583 /* HMMenuTableViewCell2.m in Sources */ = {isa = PBXBuildFile; fileRef = 32FDCE131DB31B1900899583 /* HMMenuTableViewCell2.m */; };
		32FDCE671DB31B1900899583 /* HMMenuTableViewCell2.xib in Resources */ = {isa = PBXBuildFile; fileRef = 32FDCE141DB31B1900899583 /* HMMenuTableViewCell2.xib */; };
		32FDCE681DB31B1900899583 /* HMMeTableViewCell1.m in Sources */ = {isa = PBXBuildFile; fileRef = 32FDCE161DB31B1900899583 /* HMMeTableViewCell1.m */; };
		32FDCE691DB31B1900899583 /* HMMeTableViewCell1.xib in Resources */ = {isa = PBXBuildFile; fileRef = 32FDCE171DB31B1900899583 /* HMMeTableViewCell1.xib */; };
		32FDCE6A1DB31B1900899583 /* HMVerticalTitleButton.m in Sources */ = {isa = PBXBuildFile; fileRef = 32FDCE191DB31B1900899583 /* HMVerticalTitleButton.m */; };
		32FDCE6B1DB31B1900899583 /* HMMyMessageController.m in Sources */ = {isa = PBXBuildFile; fileRef = 32FDCE1D1DB31B1900899583 /* HMMyMessageController.m */; };
		32FDCE6C1DB31B1900899583 /* HMMyMeNuController.m in Sources */ = {isa = PBXBuildFile; fileRef = 32FDCE201DB31B1900899583 /* HMMyMeNuController.m */; };
		32FDCE6D1DB31B1900899583 /* HMYouHuiQuanController.m in Sources */ = {isa = PBXBuildFile; fileRef = 32FDCE231DB31B1900899583 /* HMYouHuiQuanController.m */; };
		32FDCE6E1DB31B1900899583 /* .gitkeep in Resources */ = {isa = PBXBuildFile; fileRef = 32FDCE251DB31B1900899583 /* .gitkeep */; };
		32FDCE6F1DB31B1900899583 /* HMTableViewCell.m in Sources */ = {isa = PBXBuildFile; fileRef = 32FDCE281DB31B1900899583 /* HMTableViewCell.m */; };
		32FDCE701DB31B1900899583 /* HMTableViewCell.xib in Resources */ = {isa = PBXBuildFile; fileRef = 32FDCE291DB31B1900899583 /* HMTableViewCell.xib */; };
		32FDCE711DB31B1900899583 /* HMShoppingViewController.m in Sources */ = {isa = PBXBuildFile; fileRef = 32FDCE2B1DB31B1900899583 /* HMShoppingViewController.m */; };
		32FDCE721DB31B1900899583 /* HMTableViewController.m in Sources */ = {isa = PBXBuildFile; fileRef = 32FDCE2E1DB31B1900899583 /* HMTableViewController.m */; };
		32FDCE731DB31B1900899583 /* .gitkeep in Resources */ = {isa = PBXBuildFile; fileRef = 32FDCE301DB31B1900899583 /* .gitkeep */; };
		32FDCE741DB31B1900899583 /* .gitkeep in Resources */ = {isa = PBXBuildFile; fileRef = 32FDCE321DB31B1900899583 /* .gitkeep */; };
		32FDCE751DB31B1900899583 /* WelcomCell.m in Sources */ = {isa = PBXBuildFile; fileRef = 32FDCE351DB31B1900899583 /* WelcomCell.m */; };
		32FDCE761DB31B1900899583 /* WecomeAnimation.m in Sources */ = {isa = PBXBuildFile; fileRef = 32FDCE371DB31B1900899583 /* WecomeAnimation.m */; };
		32FDCE771DB31B1900899583 /* .gitkeep in Resources */ = {isa = PBXBuildFile; fileRef = 32FDCE391DB31B1900899583 /* .gitkeep */; };
		32FDCE781DB31B1900899583 /* .gitkeep in Resources */ = {isa = PBXBuildFile; fileRef = 32FDCE3C1DB31B1900899583 /* .gitkeep */; };
		32FDCE791DB31B1900899583 /* NSArray+Log.m in Sources */ = {isa = PBXBuildFile; fileRef = 32FDCE3E1DB31B1900899583 /* NSArray+Log.m */; };
		32FDCE7A1DB31B1900899583 /* .gitkeep in Resources */ = {isa = PBXBuildFile; fileRef = 32FDCE401DB31B1900899583 /* .gitkeep */; };
		32FDCE7B1DB31B1900899583 /* NotificationDefine.m in Sources */ = {isa = PBXBuildFile; fileRef = 32FDCE431DB31B1900899583 /* NotificationDefine.m */; };
		32FDCE7C1DB31B1900899583 /* UIBarButtonItem+DDBarButtonItem.m in Sources */ = {isa = PBXBuildFile; fileRef = 32FDCE471DB31B1900899583 /* UIBarButtonItem+DDBarButtonItem.m */; };
		32FDCE7D1DB31B1900899583 /* UIButton+CustomButton.m in Sources */ = {isa = PBXBuildFile; fileRef = 32FDCE491DB31B1900899583 /* UIButton+CustomButton.m */; };
		32FDCE7E1DB31B1900899583 /* .gitkeep in Resources */ = {isa = PBXBuildFile; fileRef = 32FDCE4B1DB31B1900899583 /* .gitkeep */; };
		32FDCE7F1DB31B1A00899583 /* HMNetworkTools.m in Sources */ = {isa = PBXBuildFile; fileRef = 32FDCE4D1DB31B1900899583 /* HMNetworkTools.m */; };
		32FDCE801DB31B1A00899583 /* UIView+UIframe.m in Sources */ = {isa = PBXBuildFile; fileRef = 32FDCE4F1DB31B1900899583 /* UIView+UIframe.m */; };
		32FDCE811DB31B1A00899583 /* .gitkeep in Resources */ = {isa = PBXBuildFile; fileRef = 32FDCE511DB31B1900899583 /* .gitkeep */; };
		32FDCE821DB31B1A00899583 /* DDProductKindView.m in Sources */ = {isa = PBXBuildFile; fileRef = 32FDCE541DB31B1900899583 /* DDProductKindView.m */; };
		32FDCE831DB31B1A00899583 /* DDProductSelectVC.m in Sources */ = {isa = PBXBuildFile; fileRef = 32FDCE561DB31B1900899583 /* DDProductSelectVC.m */; };
		32FDCE841DB31B1A00899583 /* DDTitleView.m in Sources */ = {isa = PBXBuildFile; fileRef = 32FDCE581DB31B1900899583 /* DDTitleView.m */; };
		32FDCE851DB31B1A00899583 /* DDTitleView.xib in Resources */ = {isa = PBXBuildFile; fileRef = 32FDCE591DB31B1900899583 /* DDTitleView.xib */; };
		5B06744D1DB1371500299600 /* AppDelegate.m in Sources */ = {isa = PBXBuildFile; fileRef = 5B0674211DB1371500299600 /* AppDelegate.m */; };
		5B0674611DB1371500299600 /* ViewController.m in Sources */ = {isa = PBXBuildFile; fileRef = 5B06744C1DB1371500299600 /* ViewController.m */; };
		5B0674641DB1375400299600 /* DSHTTPClient.m in Sources */ = {isa = PBXBuildFile; fileRef = 5B0674631DB1375400299600 /* DSHTTPClient.m */; };
		5B0674661DB13AF400299600 /* Assets 00-09-05-008.xcassets in Resources */ = {isa = PBXBuildFile; fileRef = 5B0674651DB13AF400299600 /* Assets 00-09-05-008.xcassets */; };
		5BEC4FC31DB1192100CA99B0 /* main.m in Sources */ = {isa = PBXBuildFile; fileRef = 5BEC4FC21DB1192100CA99B0 /* main.m */; };
		EFF7DD84238702ACD9DD77FA /* libPods-loveHoney.a in Frameworks */ = {isa = PBXBuildFile; fileRef = 9615B76D8AD026B4EA02009B /* libPods-loveHoney.a */; };
/* End PBXBuildFile section */

/* Begin PBXFileReference section */
		055F5C9A44396790450CF0E2 /* Pods-loveHoney.debug.xcconfig */ = {isa = PBXFileReference; includeInIndex = 1; lastKnownFileType = text.xcconfig; name = "Pods-loveHoney.debug.xcconfig"; path = "Pods/Target Support Files/Pods-loveHoney/Pods-loveHoney.debug.xcconfig"; sourceTree = "<group>"; };
		32FDCDFA1DB31B1900899583 /* .gitkeep */ = {isa = PBXFileReference; fileEncoding = 4; lastKnownFileType = text; path = .gitkeep; sourceTree = "<group>"; };
		32FDCDFC1DB31B1900899583 /* .gitkeep */ = {isa = PBXFileReference; fileEncoding = 4; lastKnownFileType = text; path = .gitkeep; sourceTree = "<group>"; };
		32FDCDFD1DB31B1900899583 /* HMHomeController.h */ = {isa = PBXFileReference; fileEncoding = 4; lastKnownFileType = sourcecode.c.h; path = HMHomeController.h; sourceTree = "<group>"; };
		32FDCDFE1DB31B1900899583 /* HMHomeController.m */ = {isa = PBXFileReference; fileEncoding = 4; lastKnownFileType = sourcecode.c.objc; path = HMHomeController.m; sourceTree = "<group>"; };
		32FDCE001DB31B1900899583 /* .gitkeep */ = {isa = PBXFileReference; fileEncoding = 4; lastKnownFileType = text; path = .gitkeep; sourceTree = "<group>"; };
		32FDCE011DB31B1900899583 /* DDBaseNavController.h */ = {isa = PBXFileReference; fileEncoding = 4; lastKnownFileType = sourcecode.c.h; path = DDBaseNavController.h; sourceTree = "<group>"; };
		32FDCE021DB31B1900899583 /* DDBaseNavController.m */ = {isa = PBXFileReference; fileEncoding = 4; lastKnownFileType = sourcecode.c.objc; path = DDBaseNavController.m; sourceTree = "<group>"; };
		32FDCE031DB31B1900899583 /* DDBaseViewController.h */ = {isa = PBXFileReference; fileEncoding = 4; lastKnownFileType = sourcecode.c.h; path = DDBaseViewController.h; sourceTree = "<group>"; };
		32FDCE041DB31B1900899583 /* DDBaseViewController.m */ = {isa = PBXFileReference; fileEncoding = 4; lastKnownFileType = sourcecode.c.objc; path = DDBaseViewController.m; sourceTree = "<group>"; };
		32FDCE051DB31B1900899583 /* HBTableBarController.h */ = {isa = PBXFileReference; fileEncoding = 4; lastKnownFileType = sourcecode.c.h; path = HBTableBarController.h; sourceTree = "<group>"; };
		32FDCE061DB31B1900899583 /* HBTableBarController.m */ = {isa = PBXFileReference; fileEncoding = 4; lastKnownFileType = sourcecode.c.objc; path = HBTableBarController.m; sourceTree = "<group>"; };
		32FDCE071DB31B1900899583 /* hideBottomBarNavagationControl.h */ = {isa = PBXFileReference; fileEncoding = 4; lastKnownFileType = sourcecode.c.h; path = hideBottomBarNavagationControl.h; sourceTree = "<group>"; };
		32FDCE081DB31B1900899583 /* hideBottomBarNavagationControl.m */ = {isa = PBXFileReference; fileEncoding = 4; lastKnownFileType = sourcecode.c.objc; path = hideBottomBarNavagationControl.m; sourceTree = "<group>"; };
		32FDCE0A1DB31B1900899583 /* .gitkeep */ = {isa = PBXFileReference; fileEncoding = 4; lastKnownFileType = text; path = .gitkeep; sourceTree = "<group>"; };
		32FDCE0B1DB31B1900899583 /* HMMarketViewController.h */ = {isa = PBXFileReference; fileEncoding = 4; lastKnownFileType = sourcecode.c.h; path = HMMarketViewController.h; sourceTree = "<group>"; };
		32FDCE0C1DB31B1900899583 /* HMMarketViewController.m */ = {isa = PBXFileReference; fileEncoding = 4; lastKnownFileType = sourcecode.c.objc; path = HMMarketViewController.m; sourceTree = "<group>"; };
		32FDCE0E1DB31B1900899583 /* .gitkeep */ = {isa = PBXFileReference; fileEncoding = 4; lastKnownFileType = text; path = .gitkeep; sourceTree = "<group>"; };
		32FDCE0F1DB31B1900899583 /* HMMeViewController.h */ = {isa = PBXFileReference; fileEncoding = 4; lastKnownFileType = sourcecode.c.h; path = HMMeViewController.h; sourceTree = "<group>"; };
		32FDCE101DB31B1900899583 /* HMMeViewController.m */ = {isa = PBXFileReference; fileEncoding = 4; lastKnownFileType = sourcecode.c.objc; path = HMMeViewController.m; sourceTree = "<group>"; };
		32FDCE121DB31B1900899583 /* HMMenuTableViewCell2.h */ = {isa = PBXFileReference; fileEncoding = 4; lastKnownFileType = sourcecode.c.h; path = HMMenuTableViewCell2.h; sourceTree = "<group>"; };
		32FDCE131DB31B1900899583 /* HMMenuTableViewCell2.m */ = {isa = PBXFileReference; fileEncoding = 4; lastKnownFileType = sourcecode.c.objc; path = HMMenuTableViewCell2.m; sourceTree = "<group>"; };
		32FDCE141DB31B1900899583 /* HMMenuTableViewCell2.xib */ = {isa = PBXFileReference; fileEncoding = 4; lastKnownFileType = file.xib; path = HMMenuTableViewCell2.xib; sourceTree = "<group>"; };
		32FDCE151DB31B1900899583 /* HMMeTableViewCell1.h */ = {isa = PBXFileReference; fileEncoding = 4; lastKnownFileType = sourcecode.c.h; path = HMMeTableViewCell1.h; sourceTree = "<group>"; };
		32FDCE161DB31B1900899583 /* HMMeTableViewCell1.m */ = {isa = PBXFileReference; fileEncoding = 4; lastKnownFileType = sourcecode.c.objc; path = HMMeTableViewCell1.m; sourceTree = "<group>"; };
		32FDCE171DB31B1900899583 /* HMMeTableViewCell1.xib */ = {isa = PBXFileReference; fileEncoding = 4; lastKnownFileType = file.xib; path = HMMeTableViewCell1.xib; sourceTree = "<group>"; };
		32FDCE181DB31B1900899583 /* HMVerticalTitleButton.h */ = {isa = PBXFileReference; fileEncoding = 4; lastKnownFileType = sourcecode.c.h; path = HMVerticalTitleButton.h; sourceTree = "<group>"; };
		32FDCE191DB31B1900899583 /* HMVerticalTitleButton.m */ = {isa = PBXFileReference; fileEncoding = 4; lastKnownFileType = sourcecode.c.objc; path = HMVerticalTitleButton.m; sourceTree = "<group>"; };
		32FDCE1C1DB31B1900899583 /* HMMyMessageController.h */ = {isa = PBXFileReference; fileEncoding = 4; lastKnownFileType = sourcecode.c.h; path = HMMyMessageController.h; sourceTree = "<group>"; };
		32FDCE1D1DB31B1900899583 /* HMMyMessageController.m */ = {isa = PBXFileReference; fileEncoding = 4; lastKnownFileType = sourcecode.c.objc; path = HMMyMessageController.m; sourceTree = "<group>"; };
		32FDCE1F1DB31B1900899583 /* HMMyMeNuController.h */ = {isa = PBXFileReference; fileEncoding = 4; lastKnownFileType = sourcecode.c.h; path = HMMyMeNuController.h; sourceTree = "<group>"; };
		32FDCE201DB31B1900899583 /* HMMyMeNuController.m */ = {isa = PBXFileReference; fileEncoding = 4; lastKnownFileType = sourcecode.c.objc; path = HMMyMeNuController.m; sourceTree = "<group>"; };
		32FDCE221DB31B1900899583 /* HMYouHuiQuanController.h */ = {isa = PBXFileReference; fileEncoding = 4; lastKnownFileType = sourcecode.c.h; path = HMYouHuiQuanController.h; sourceTree = "<group>"; };
		32FDCE231DB31B1900899583 /* HMYouHuiQuanController.m */ = {isa = PBXFileReference; fileEncoding = 4; lastKnownFileType = sourcecode.c.objc; path = HMYouHuiQuanController.m; sourceTree = "<group>"; };
		32FDCE251DB31B1900899583 /* .gitkeep */ = {isa = PBXFileReference; fileEncoding = 4; lastKnownFileType = text; path = .gitkeep; sourceTree = "<group>"; };
		32FDCE271DB31B1900899583 /* HMTableViewCell.h */ = {isa = PBXFileReference; fileEncoding = 4; lastKnownFileType = sourcecode.c.h; path = HMTableViewCell.h; sourceTree = "<group>"; };
		32FDCE281DB31B1900899583 /* HMTableViewCell.m */ = {isa = PBXFileReference; fileEncoding = 4; lastKnownFileType = sourcecode.c.objc; path = HMTableViewCell.m; sourceTree = "<group>"; };
		32FDCE291DB31B1900899583 /* HMTableViewCell.xib */ = {isa = PBXFileReference; fileEncoding = 4; lastKnownFileType = file.xib; path = HMTableViewCell.xib; sourceTree = "<group>"; };
		32FDCE2A1DB31B1900899583 /* HMShoppingViewController.h */ = {isa = PBXFileReference; fileEncoding = 4; lastKnownFileType = sourcecode.c.h; path = HMShoppingViewController.h; sourceTree = "<group>"; };
		32FDCE2B1DB31B1900899583 /* HMShoppingViewController.m */ = {isa = PBXFileReference; fileEncoding = 4; lastKnownFileType = sourcecode.c.objc; path = HMShoppingViewController.m; sourceTree = "<group>"; };
		32FDCE2D1DB31B1900899583 /* HMTableViewController.h */ = {isa = PBXFileReference; fileEncoding = 4; lastKnownFileType = sourcecode.c.h; path = HMTableViewController.h; sourceTree = "<group>"; };
		32FDCE2E1DB31B1900899583 /* HMTableViewController.m */ = {isa = PBXFileReference; fileEncoding = 4; lastKnownFileType = sourcecode.c.objc; path = HMTableViewController.m; sourceTree = "<group>"; };
		32FDCE301DB31B1900899583 /* .gitkeep */ = {isa = PBXFileReference; fileEncoding = 4; lastKnownFileType = text; path = .gitkeep; sourceTree = "<group>"; };
		32FDCE321DB31B1900899583 /* .gitkeep */ = {isa = PBXFileReference; fileEncoding = 4; lastKnownFileType = text; path = .gitkeep; sourceTree = "<group>"; };
		32FDCE341DB31B1900899583 /* WelcomCell.h */ = {isa = PBXFileReference; fileEncoding = 4; lastKnownFileType = sourcecode.c.h; path = WelcomCell.h; sourceTree = "<group>"; };
		32FDCE351DB31B1900899583 /* WelcomCell.m */ = {isa = PBXFileReference; fileEncoding = 4; lastKnownFileType = sourcecode.c.objc; path = WelcomCell.m; sourceTree = "<group>"; };
		32FDCE361DB31B1900899583 /* WecomeAnimation.h */ = {isa = PBXFileReference; fileEncoding = 4; lastKnownFileType = sourcecode.c.h; path = WecomeAnimation.h; sourceTree = "<group>"; };
		32FDCE371DB31B1900899583 /* WecomeAnimation.m */ = {isa = PBXFileReference; fileEncoding = 4; lastKnownFileType = sourcecode.c.objc; path = WecomeAnimation.m; sourceTree = "<group>"; };
		32FDCE391DB31B1900899583 /* .gitkeep */ = {isa = PBXFileReference; fileEncoding = 4; lastKnownFileType = text; path = .gitkeep; sourceTree = "<group>"; };
		32FDCE3C1DB31B1900899583 /* .gitkeep */ = {isa = PBXFileReference; fileEncoding = 4; lastKnownFileType = text; path = .gitkeep; sourceTree = "<group>"; };
		32FDCE3D1DB31B1900899583 /* NSArray+Log.h */ = {isa = PBXFileReference; fileEncoding = 4; lastKnownFileType = sourcecode.c.h; path = "NSArray+Log.h"; sourceTree = "<group>"; };
		32FDCE3E1DB31B1900899583 /* NSArray+Log.m */ = {isa = PBXFileReference; fileEncoding = 4; lastKnownFileType = sourcecode.c.objc; path = "NSArray+Log.m"; sourceTree = "<group>"; };
		32FDCE401DB31B1900899583 /* .gitkeep */ = {isa = PBXFileReference; fileEncoding = 4; lastKnownFileType = text; path = .gitkeep; sourceTree = "<group>"; };
		32FDCE411DB31B1900899583 /* ConstntDefine.h */ = {isa = PBXFileReference; fileEncoding = 4; lastKnownFileType = sourcecode.c.h; path = ConstntDefine.h; sourceTree = "<group>"; };
		32FDCE421DB31B1900899583 /* NotificationDefine.h */ = {isa = PBXFileReference; fileEncoding = 4; lastKnownFileType = sourcecode.c.h; path = NotificationDefine.h; sourceTree = "<group>"; };
		32FDCE431DB31B1900899583 /* NotificationDefine.m */ = {isa = PBXFileReference; fileEncoding = 4; lastKnownFileType = sourcecode.c.objc; path = NotificationDefine.m; sourceTree = "<group>"; };
		32FDCE441DB31B1900899583 /* TableConstant.h */ = {isa = PBXFileReference; fileEncoding = 4; lastKnownFileType = sourcecode.c.h; path = TableConstant.h; sourceTree = "<group>"; };
		32FDCE461DB31B1900899583 /* UIBarButtonItem+DDBarButtonItem.h */ = {isa = PBXFileReference; fileEncoding = 4; lastKnownFileType = sourcecode.c.h; path = "UIBarButtonItem+DDBarButtonItem.h"; sourceTree = "<group>"; };
		32FDCE471DB31B1900899583 /* UIBarButtonItem+DDBarButtonItem.m */ = {isa = PBXFileReference; fileEncoding = 4; lastKnownFileType = sourcecode.c.objc; path = "UIBarButtonItem+DDBarButtonItem.m"; sourceTree = "<group>"; };
		32FDCE481DB31B1900899583 /* UIButton+CustomButton.h */ = {isa = PBXFileReference; fileEncoding = 4; lastKnownFileType = sourcecode.c.h; path = "UIButton+CustomButton.h"; sourceTree = "<group>"; };
		32FDCE491DB31B1900899583 /* UIButton+CustomButton.m */ = {isa = PBXFileReference; fileEncoding = 4; lastKnownFileType = sourcecode.c.objc; path = "UIButton+CustomButton.m"; sourceTree = "<group>"; };
		32FDCE4B1DB31B1900899583 /* .gitkeep */ = {isa = PBXFileReference; fileEncoding = 4; lastKnownFileType = text; path = .gitkeep; sourceTree = "<group>"; };
		32FDCE4C1DB31B1900899583 /* HMNetworkTools.h */ = {isa = PBXFileReference; fileEncoding = 4; lastKnownFileType = sourcecode.c.h; path = HMNetworkTools.h; sourceTree = "<group>"; };
		32FDCE4D1DB31B1900899583 /* HMNetworkTools.m */ = {isa = PBXFileReference; fileEncoding = 4; lastKnownFileType = sourcecode.c.objc; path = HMNetworkTools.m; sourceTree = "<group>"; };
		32FDCE4E1DB31B1900899583 /* UIView+UIframe.h */ = {isa = PBXFileReference; fileEncoding = 4; lastKnownFileType = sourcecode.c.h; path = "UIView+UIframe.h"; sourceTree = "<group>"; };
		32FDCE4F1DB31B1900899583 /* UIView+UIframe.m */ = {isa = PBXFileReference; fileEncoding = 4; lastKnownFileType = sourcecode.c.objc; path = "UIView+UIframe.m"; sourceTree = "<group>"; };
		32FDCE511DB31B1900899583 /* .gitkeep */ = {isa = PBXFileReference; fileEncoding = 4; lastKnownFileType = text; path = .gitkeep; sourceTree = "<group>"; };
		32FDCE531DB31B1900899583 /* DDProductKindView.h */ = {isa = PBXFileReference; fileEncoding = 4; lastKnownFileType = sourcecode.c.h; path = DDProductKindView.h; sourceTree = "<group>"; };
		32FDCE541DB31B1900899583 /* DDProductKindView.m */ = {isa = PBXFileReference; fileEncoding = 4; lastKnownFileType = sourcecode.c.objc; path = DDProductKindView.m; sourceTree = "<group>"; };
		32FDCE551DB31B1900899583 /* DDProductSelectVC.h */ = {isa = PBXFileReference; fileEncoding = 4; lastKnownFileType = sourcecode.c.h; path = DDProductSelectVC.h; sourceTree = "<group>"; };
		32FDCE561DB31B1900899583 /* DDProductSelectVC.m */ = {isa = PBXFileReference; fileEncoding = 4; lastKnownFileType = sourcecode.c.objc; path = DDProductSelectVC.m; sourceTree = "<group>"; };
		32FDCE571DB31B1900899583 /* DDTitleView.h */ = {isa = PBXFileReference; fileEncoding = 4; lastKnownFileType = sourcecode.c.h; path = DDTitleView.h; sourceTree = "<group>"; };
		32FDCE581DB31B1900899583 /* DDTitleView.m */ = {isa = PBXFileReference; fileEncoding = 4; lastKnownFileType = sourcecode.c.objc; path = DDTitleView.m; sourceTree = "<group>"; };
		32FDCE591DB31B1900899583 /* DDTitleView.xib */ = {isa = PBXFileReference; fileEncoding = 4; lastKnownFileType = file.xib; path = DDTitleView.xib; sourceTree = "<group>"; };
		5B01F75C1DB1ADA000E3A1EE /* PrefixHeader.pch */ = {isa = PBXFileReference; lastKnownFileType = sourcecode.c.h; path = PrefixHeader.pch; sourceTree = "<group>"; };
		5B0674201DB1371500299600 /* AppDelegate.h */ = {isa = PBXFileReference; fileEncoding = 4; lastKnownFileType = sourcecode.c.h; path = AppDelegate.h; sourceTree = "<group>"; };
		5B0674211DB1371500299600 /* AppDelegate.m */ = {isa = PBXFileReference; fileEncoding = 4; lastKnownFileType = sourcecode.c.objc; path = AppDelegate.m; sourceTree = "<group>"; };
		5B06744B1DB1371500299600 /* ViewController.h */ = {isa = PBXFileReference; fileEncoding = 4; lastKnownFileType = sourcecode.c.h; path = ViewController.h; sourceTree = "<group>"; };
		5B06744C1DB1371500299600 /* ViewController.m */ = {isa = PBXFileReference; fileEncoding = 4; lastKnownFileType = sourcecode.c.objc; path = ViewController.m; sourceTree = "<group>"; };
		5B0674621DB1375400299600 /* DSHTTPClient.h */ = {isa = PBXFileReference; fileEncoding = 4; lastKnownFileType = sourcecode.c.h; path = DSHTTPClient.h; sourceTree = "<group>"; };
		5B0674631DB1375400299600 /* DSHTTPClient.m */ = {isa = PBXFileReference; fileEncoding = 4; lastKnownFileType = sourcecode.c.objc; path = DSHTTPClient.m; sourceTree = "<group>"; };
		5B0674651DB13AF400299600 /* Assets 00-09-05-008.xcassets */ = {isa = PBXFileReference; lastKnownFileType = folder.assetcatalog; path = "Assets 00-09-05-008.xcassets"; sourceTree = "<group>"; };
		5BEC4FBE1DB1192100CA99B0 /* loveHoney.app */ = {isa = PBXFileReference; explicitFileType = wrapper.application; includeInIndex = 0; path = loveHoney.app; sourceTree = BUILT_PRODUCTS_DIR; };
		5BEC4FC21DB1192100CA99B0 /* main.m */ = {isa = PBXFileReference; lastKnownFileType = sourcecode.c.objc; path = main.m; sourceTree = "<group>"; };
		5BEC4FD21DB1192100CA99B0 /* Info.plist */ = {isa = PBXFileReference; lastKnownFileType = text.plist.xml; path = Info.plist; sourceTree = "<group>"; };
		9615B76D8AD026B4EA02009B /* libPods-loveHoney.a */ = {isa = PBXFileReference; explicitFileType = archive.ar; includeInIndex = 0; path = "libPods-loveHoney.a"; sourceTree = BUILT_PRODUCTS_DIR; };
		F25252F3DCBF081A3DA69CA7 /* Pods-loveHoney.release.xcconfig */ = {isa = PBXFileReference; includeInIndex = 1; lastKnownFileType = text.xcconfig; name = "Pods-loveHoney.release.xcconfig"; path = "Pods/Target Support Files/Pods-loveHoney/Pods-loveHoney.release.xcconfig"; sourceTree = "<group>"; };
/* End PBXFileReference section */

/* Begin PBXFrameworksBuildPhase section */
		5BEC4FBB1DB1192100CA99B0 /* Frameworks */ = {
			isa = PBXFrameworksBuildPhase;
			buildActionMask = 2147483647;
			files = (
				EFF7DD84238702ACD9DD77FA /* libPods-loveHoney.a in Frameworks */,
			);
			runOnlyForDeploymentPostprocessing = 0;
		};
/* End PBXFrameworksBuildPhase section */

/* Begin PBXGroup section */
		32FDCDF81DB31B1900899583 /* Classes */ = {
			isa = PBXGroup;
			children = (
				32FDCDF91DB31B1900899583 /* Controllers */,
				32FDCE381DB31B1900899583 /* Modles */,
				32FDCE3A1DB31B1900899583 /* Others */,
				32FDCE501DB31B1900899583 /* Views */,
			);
			path = Classes;
			sourceTree = "<group>";
		};
		32FDCDF91DB31B1900899583 /* Controllers */ = {
			isa = PBXGroup;
			children = (
				32FDCDFA1DB31B1900899583 /* .gitkeep */,
				32FDCDFB1DB31B1900899583 /* Home */,
				32FDCDFF1DB31B1900899583 /* Main */,
				32FDCE091DB31B1900899583 /* market */,
				32FDCE0D1DB31B1900899583 /* Me */,
				32FDCE1A1DB31B1900899583 /* MyMenuAndMessage */,
				32FDCE241DB31B1900899583 /* shopping */,
				32FDCE2F1DB31B1900899583 /* Welcome */,
			);
			path = Controllers;
			sourceTree = "<group>";
		};
		32FDCDFB1DB31B1900899583 /* Home */ = {
			isa = PBXGroup;
			children = (
				32FDCDFC1DB31B1900899583 /* .gitkeep */,
				32FDCDFD1DB31B1900899583 /* HMHomeController.h */,
				32FDCDFE1DB31B1900899583 /* HMHomeController.m */,
			);
			path = Home;
			sourceTree = "<group>";
		};
		32FDCDFF1DB31B1900899583 /* Main */ = {
			isa = PBXGroup;
			children = (
				32FDCE001DB31B1900899583 /* .gitkeep */,
				32FDCE011DB31B1900899583 /* DDBaseNavController.h */,
				32FDCE021DB31B1900899583 /* DDBaseNavController.m */,
				32FDCE031DB31B1900899583 /* DDBaseViewController.h */,
				32FDCE041DB31B1900899583 /* DDBaseViewController.m */,
				32FDCE051DB31B1900899583 /* HBTableBarController.h */,
				32FDCE061DB31B1900899583 /* HBTableBarController.m */,
				32FDCE071DB31B1900899583 /* hideBottomBarNavagationControl.h */,
				32FDCE081DB31B1900899583 /* hideBottomBarNavagationControl.m */,
			);
			path = Main;
			sourceTree = "<group>";
		};
		32FDCE091DB31B1900899583 /* market */ = {
			isa = PBXGroup;
			children = (
				32FDCE0A1DB31B1900899583 /* .gitkeep */,
				32FDCE0B1DB31B1900899583 /* HMMarketViewController.h */,
				32FDCE0C1DB31B1900899583 /* HMMarketViewController.m */,
			);
			path = market;
			sourceTree = "<group>";
		};
		32FDCE0D1DB31B1900899583 /* Me */ = {
			isa = PBXGroup;
			children = (
				32FDCE0E1DB31B1900899583 /* .gitkeep */,
				32FDCE0F1DB31B1900899583 /* HMMeViewController.h */,
				32FDCE101DB31B1900899583 /* HMMeViewController.m */,
				32FDCE111DB31B1900899583 /* View */,
			);
			path = Me;
			sourceTree = "<group>";
		};
		32FDCE111DB31B1900899583 /* View */ = {
			isa = PBXGroup;
			children = (
				32FDCE121DB31B1900899583 /* HMMenuTableViewCell2.h */,
				32FDCE131DB31B1900899583 /* HMMenuTableViewCell2.m */,
				32FDCE141DB31B1900899583 /* HMMenuTableViewCell2.xib */,
				32FDCE151DB31B1900899583 /* HMMeTableViewCell1.h */,
				32FDCE161DB31B1900899583 /* HMMeTableViewCell1.m */,
				32FDCE171DB31B1900899583 /* HMMeTableViewCell1.xib */,
				32FDCE181DB31B1900899583 /* HMVerticalTitleButton.h */,
				32FDCE191DB31B1900899583 /* HMVerticalTitleButton.m */,
			);
			path = View;
			sourceTree = "<group>";
		};
		32FDCE1A1DB31B1900899583 /* MyMenuAndMessage */ = {
			isa = PBXGroup;
			children = (
				32FDCE1B1DB31B1900899583 /* myMeassage */,
				32FDCE1E1DB31B1900899583 /* myMenu */,
				32FDCE211DB31B1900899583 /* youhuiQuan */,
			);
			path = MyMenuAndMessage;
			sourceTree = "<group>";
		};
		32FDCE1B1DB31B1900899583 /* myMeassage */ = {
			isa = PBXGroup;
			children = (
				32FDCE1C1DB31B1900899583 /* HMMyMessageController.h */,
				32FDCE1D1DB31B1900899583 /* HMMyMessageController.m */,
			);
			path = myMeassage;
			sourceTree = "<group>";
		};
		32FDCE1E1DB31B1900899583 /* myMenu */ = {
			isa = PBXGroup;
			children = (
				32FDCE1F1DB31B1900899583 /* HMMyMeNuController.h */,
				32FDCE201DB31B1900899583 /* HMMyMeNuController.m */,
			);
			path = myMenu;
			sourceTree = "<group>";
		};
		32FDCE211DB31B1900899583 /* youhuiQuan */ = {
			isa = PBXGroup;
			children = (
				32FDCE221DB31B1900899583 /* HMYouHuiQuanController.h */,
				32FDCE231DB31B1900899583 /* HMYouHuiQuanController.m */,
			);
			path = youhuiQuan;
			sourceTree = "<group>";
		};
		32FDCE241DB31B1900899583 /* shopping */ = {
			isa = PBXGroup;
			children = (
				32FDCE251DB31B1900899583 /* .gitkeep */,
				32FDCE261DB31B1900899583 /* HMShopingSucessCell */,
				32FDCE2A1DB31B1900899583 /* HMShoppingViewController.h */,
				32FDCE2B1DB31B1900899583 /* HMShoppingViewController.m */,
				32FDCE2C1DB31B1900899583 /* ShopingSucessController */,
			);
			path = shopping;
			sourceTree = "<group>";
		};
		32FDCE261DB31B1900899583 /* HMShopingSucessCell */ = {
			isa = PBXGroup;
			children = (
				32FDCE271DB31B1900899583 /* HMTableViewCell.h */,
				32FDCE281DB31B1900899583 /* HMTableViewCell.m */,
				32FDCE291DB31B1900899583 /* HMTableViewCell.xib */,
			);
			path = HMShopingSucessCell;
			sourceTree = "<group>";
		};
		32FDCE2C1DB31B1900899583 /* ShopingSucessController */ = {
			isa = PBXGroup;
			children = (
				32FDCE2D1DB31B1900899583 /* HMTableViewController.h */,
				32FDCE2E1DB31B1900899583 /* HMTableViewController.m */,
			);
			path = ShopingSucessController;
			sourceTree = "<group>";
		};
		32FDCE2F1DB31B1900899583 /* Welcome */ = {
			isa = PBXGroup;
			children = (
				32FDCE301DB31B1900899583 /* .gitkeep */,
				32FDCE311DB31B1900899583 /* Model */,
				32FDCE331DB31B1900899583 /* View */,
				32FDCE361DB31B1900899583 /* WecomeAnimation.h */,
				32FDCE371DB31B1900899583 /* WecomeAnimation.m */,
			);
			path = Welcome;
			sourceTree = "<group>";
		};
		32FDCE311DB31B1900899583 /* Model */ = {
			isa = PBXGroup;
			children = (
				32FDCE321DB31B1900899583 /* .gitkeep */,
			);
			path = Model;
			sourceTree = "<group>";
		};
		32FDCE331DB31B1900899583 /* View */ = {
			isa = PBXGroup;
			children = (
				32FDCE341DB31B1900899583 /* WelcomCell.h */,
				32FDCE351DB31B1900899583 /* WelcomCell.m */,
			);
			path = View;
			sourceTree = "<group>";
		};
		32FDCE381DB31B1900899583 /* Modles */ = {
			isa = PBXGroup;
			children = (
				32FDCE391DB31B1900899583 /* .gitkeep */,
			);
			path = Modles;
			sourceTree = "<group>";
		};
		32FDCE3A1DB31B1900899583 /* Others */ = {
			isa = PBXGroup;
			children = (
				32FDCE3B1DB31B1900899583 /* catogry */,
				32FDCE3F1DB31B1900899583 /* common */,
				32FDCE451DB31B1900899583 /* Extension */,
				32FDCE4A1DB31B1900899583 /* tools */,
			);
			path = Others;
			sourceTree = "<group>";
		};
		32FDCE3B1DB31B1900899583 /* catogry */ = {
			isa = PBXGroup;
			children = (
				32FDCE3C1DB31B1900899583 /* .gitkeep */,
				32FDCE3D1DB31B1900899583 /* NSArray+Log.h */,
				32FDCE3E1DB31B1900899583 /* NSArray+Log.m */,
			);
			path = catogry;
			sourceTree = "<group>";
		};
		32FDCE3F1DB31B1900899583 /* common */ = {
			isa = PBXGroup;
			children = (
				32FDCE401DB31B1900899583 /* .gitkeep */,
				32FDCE411DB31B1900899583 /* ConstntDefine.h */,
				32FDCE421DB31B1900899583 /* NotificationDefine.h */,
				32FDCE431DB31B1900899583 /* NotificationDefine.m */,
				32FDCE441DB31B1900899583 /* TableConstant.h */,
			);
			path = common;
			sourceTree = "<group>";
		};
		32FDCE451DB31B1900899583 /* Extension */ = {
			isa = PBXGroup;
			children = (
				32FDCE461DB31B1900899583 /* UIBarButtonItem+DDBarButtonItem.h */,
				32FDCE471DB31B1900899583 /* UIBarButtonItem+DDBarButtonItem.m */,
				32FDCE481DB31B1900899583 /* UIButton+CustomButton.h */,
				32FDCE491DB31B1900899583 /* UIButton+CustomButton.m */,
			);
			path = Extension;
			sourceTree = "<group>";
		};
		32FDCE4A1DB31B1900899583 /* tools */ = {
			isa = PBXGroup;
			children = (
				32FDCE4B1DB31B1900899583 /* .gitkeep */,
				32FDCE4C1DB31B1900899583 /* HMNetworkTools.h */,
				32FDCE4D1DB31B1900899583 /* HMNetworkTools.m */,
				32FDCE4E1DB31B1900899583 /* UIView+UIframe.h */,
				32FDCE4F1DB31B1900899583 /* UIView+UIframe.m */,
			);
			path = tools;
			sourceTree = "<group>";
		};
		32FDCE501DB31B1900899583 /* Views */ = {
			isa = PBXGroup;
			children = (
				32FDCE511DB31B1900899583 /* .gitkeep */,
				32FDCE521DB31B1900899583 /* ProductKindView */,
			);
			path = Views;
			sourceTree = "<group>";
		};
		32FDCE521DB31B1900899583 /* ProductKindView */ = {
			isa = PBXGroup;
			children = (
				32FDCE531DB31B1900899583 /* DDProductKindView.h */,
				32FDCE541DB31B1900899583 /* DDProductKindView.m */,
				32FDCE551DB31B1900899583 /* DDProductSelectVC.h */,
				32FDCE561DB31B1900899583 /* DDProductSelectVC.m */,
				32FDCE571DB31B1900899583 /* DDTitleView.h */,
				32FDCE581DB31B1900899583 /* DDTitleView.m */,
				32FDCE591DB31B1900899583 /* DDTitleView.xib */,
			);
			path = ProductKindView;
			sourceTree = "<group>";
		};
		545D9F0547DDDAF0A5BF1B96 /* Pods */ = {
			isa = PBXGroup;
			children = (
				055F5C9A44396790450CF0E2 /* Pods-loveHoney.debug.xcconfig */,
				F25252F3DCBF081A3DA69CA7 /* Pods-loveHoney.release.xcconfig */,
			);
			name = Pods;
			sourceTree = "<group>";
		};
		5B06734A1DB1324400299600 /* Base.lproj */ = {
			isa = PBXGroup;
			children = (
			);
			path = Base.lproj;
			sourceTree = "<group>";
		};
		5BEC4FB51DB1192100CA99B0 = {
			isa = PBXGroup;
			children = (
				5BEC4FC01DB1192100CA99B0 /* loveHoney */,
				5BEC4FBF1DB1192100CA99B0 /* Products */,
				545D9F0547DDDAF0A5BF1B96 /* Pods */,
				F91E465377817DC3DBC7ACA2 /* Frameworks */,
			);
			sourceTree = "<group>";
		};
		5BEC4FBF1DB1192100CA99B0 /* Products */ = {
			isa = PBXGroup;
			children = (
				5BEC4FBE1DB1192100CA99B0 /* loveHoney.app */,
			);
			name = Products;
			sourceTree = "<group>";
		};
		5BEC4FC01DB1192100CA99B0 /* loveHoney */ = {
			isa = PBXGroup;
			children = (
				5B0674201DB1371500299600 /* AppDelegate.h */,
				5B0674211DB1371500299600 /* AppDelegate.m */,
				5B0674621DB1375400299600 /* DSHTTPClient.h */,
				5B0674631DB1375400299600 /* DSHTTPClient.m */,
				5B01F75C1DB1ADA000E3A1EE /* PrefixHeader.pch */,
				32FDCDF81DB31B1900899583 /* Classes */,
				5B06744B1DB1371500299600 /* ViewController.h */,
				5B06744C1DB1371500299600 /* ViewController.m */,
				5B0674651DB13AF400299600 /* Assets 00-09-05-008.xcassets */,
				5B06734A1DB1324400299600 /* Base.lproj */,
				5BEC4FD21DB1192100CA99B0 /* Info.plist */,
				5BEC4FC11DB1192100CA99B0 /* Supporting Files */,
			);
			path = loveHoney;
			sourceTree = "<group>";
		};
		5BEC4FC11DB1192100CA99B0 /* Supporting Files */ = {
			isa = PBXGroup;
			children = (
				5BEC4FC21DB1192100CA99B0 /* main.m */,
			);
			name = "Supporting Files";
			sourceTree = "<group>";
		};
		F91E465377817DC3DBC7ACA2 /* Frameworks */ = {
			isa = PBXGroup;
			children = (
				9615B76D8AD026B4EA02009B /* libPods-loveHoney.a */,
			);
			name = Frameworks;
			sourceTree = "<group>";
		};
/* End PBXGroup section */

/* Begin PBXNativeTarget section */
		5BEC4FBD1DB1192100CA99B0 /* loveHoney */ = {
			isa = PBXNativeTarget;
			buildConfigurationList = 5BEC4FD51DB1192100CA99B0 /* Build configuration list for PBXNativeTarget "loveHoney" */;
			buildPhases = (
				F6DC3F004C044C1A0E079483 /* [CP] Check Pods Manifest.lock */,
				5BEC4FBA1DB1192100CA99B0 /* Sources */,
				5BEC4FBB1DB1192100CA99B0 /* Frameworks */,
				5BEC4FBC1DB1192100CA99B0 /* Resources */,
				624F8BD19C45EE823FA758F7 /* [CP] Embed Pods Frameworks */,
				395C4F65B8E937C8E7C36FD0 /* [CP] Copy Pods Resources */,
			);
			buildRules = (
			);
			dependencies = (
			);
			name = loveHoney;
			productName = loveHoney;
			productReference = 5BEC4FBE1DB1192100CA99B0 /* loveHoney.app */;
			productType = "com.apple.product-type.application";
		};
/* End PBXNativeTarget section */

/* Begin PBXProject section */
		5BEC4FB61DB1192100CA99B0 /* Project object */ = {
			isa = PBXProject;
			attributes = {
				CLASSPREFIX = HM;
				LastUpgradeCheck = 0800;
				ORGANIZATIONNAME = hebing;
				TargetAttributes = {
					5BEC4FBD1DB1192100CA99B0 = {
						CreatedOnToolsVersion = 8.0;
						ProvisioningStyle = Automatic;
					};
				};
			};
			buildConfigurationList = 5BEC4FB91DB1192100CA99B0 /* Build configuration list for PBXProject "loveHoney" */;
			compatibilityVersion = "Xcode 3.2";
			developmentRegion = English;
			hasScannedForEncodings = 0;
			knownRegions = (
				en,
				Base,
			);
			mainGroup = 5BEC4FB51DB1192100CA99B0;
			productRefGroup = 5BEC4FBF1DB1192100CA99B0 /* Products */;
			projectDirPath = "";
			projectRoot = "";
			targets = (
				5BEC4FBD1DB1192100CA99B0 /* loveHoney */,
			);
		};
/* End PBXProject section */

/* Begin PBXResourcesBuildPhase section */
		5BEC4FBC1DB1192100CA99B0 /* Resources */ = {
			isa = PBXResourcesBuildPhase;
			buildActionMask = 2147483647;
			files = (
				32FDCE5B1DB31B1900899583 /* .gitkeep in Resources */,
				5B0674661DB13AF400299600 /* Assets 00-09-05-008.xcassets in Resources */,
				32FDCE731DB31B1900899583 /* .gitkeep in Resources */,
				32FDCE741DB31B1900899583 /* .gitkeep in Resources */,
				32FDCE691DB31B1900899583 /* HMMeTableViewCell1.xib in Resources */,
				32FDCE6E1DB31B1900899583 /* .gitkeep in Resources */,
				32FDCE701DB31B1900899583 /* HMTableViewCell.xib in Resources */,
				32FDCE621DB31B1900899583 /* .gitkeep in Resources */,
				32FDCE771DB31B1900899583 /* .gitkeep in Resources */,
				32FDCE851DB31B1A00899583 /* DDTitleView.xib in Resources */,
				32FDCE641DB31B1900899583 /* .gitkeep in Resources */,
				32FDCE671DB31B1900899583 /* HMMenuTableViewCell2.xib in Resources */,
				32FDCE811DB31B1A00899583 /* .gitkeep in Resources */,
				32FDCE5A1DB31B1900899583 /* .gitkeep in Resources */,
				32FDCE7A1DB31B1900899583 /* .gitkeep in Resources */,
				32FDCE5D1DB31B1900899583 /* .gitkeep in Resources */,
				32FDCE781DB31B1900899583 /* .gitkeep in Resources */,
				32FDCE7E1DB31B1900899583 /* .gitkeep in Resources */,
			);
			runOnlyForDeploymentPostprocessing = 0;
		};
/* End PBXResourcesBuildPhase section */

/* Begin PBXShellScriptBuildPhase section */
		395C4F65B8E937C8E7C36FD0 /* [CP] Copy Pods Resources */ = {
			isa = PBXShellScriptBuildPhase;
			buildActionMask = 2147483647;
			files = (
			);
			inputPaths = (
			);
			name = "[CP] Copy Pods Resources";
			outputPaths = (
			);
			runOnlyForDeploymentPostprocessing = 0;
			shellPath = /bin/sh;
			shellScript = "\"${SRCROOT}/Pods/Target Support Files/Pods-loveHoney/Pods-loveHoney-resources.sh\"\n";
			showEnvVarsInLog = 0;
		};
		624F8BD19C45EE823FA758F7 /* [CP] Embed Pods Frameworks */ = {
			isa = PBXShellScriptBuildPhase;
			buildActionMask = 2147483647;
			files = (
			);
			inputPaths = (
			);
			name = "[CP] Embed Pods Frameworks";
			outputPaths = (
			);
			runOnlyForDeploymentPostprocessing = 0;
			shellPath = /bin/sh;
			shellScript = "\"${SRCROOT}/Pods/Target Support Files/Pods-loveHoney/Pods-loveHoney-frameworks.sh\"\n";
			showEnvVarsInLog = 0;
		};
		F6DC3F004C044C1A0E079483 /* [CP] Check Pods Manifest.lock */ = {
			isa = PBXShellScriptBuildPhase;
			buildActionMask = 2147483647;
			files = (
			);
			inputPaths = (
			);
			name = "[CP] Check Pods Manifest.lock";
			outputPaths = (
			);
			runOnlyForDeploymentPostprocessing = 0;
			shellPath = /bin/sh;
			shellScript = "diff \"${PODS_ROOT}/../Podfile.lock\" \"${PODS_ROOT}/Manifest.lock\" > /dev/null\nif [ $? != 0 ] ; then\n    # print error to STDERR\n    echo \"error: The sandbox is not in sync with the Podfile.lock. Run 'pod install' or update your CocoaPods installation.\" >&2\n    exit 1\nfi\n";
			showEnvVarsInLog = 0;
		};
/* End PBXShellScriptBuildPhase section */

/* Begin PBXSourcesBuildPhase section */
		5BEC4FBA1DB1192100CA99B0 /* Sources */ = {
			isa = PBXSourcesBuildPhase;
			buildActionMask = 2147483647;
			files = (
				32FDCE801DB31B1A00899583 /* UIView+UIframe.m in Sources */,
				32FDCE5C1DB31B1900899583 /* HMHomeController.m in Sources */,
				32FDCE7C1DB31B1900899583 /* UIBarButtonItem+DDBarButtonItem.m in Sources */,
				32FDCE841DB31B1A00899583 /* DDTitleView.m in Sources */,
				32FDCE7B1DB31B1900899583 /* NotificationDefine.m in Sources */,
				32FDCE6B1DB31B1900899583 /* HMMyMessageController.m in Sources */,
				32FDCE721DB31B1900899583 /* HMTableViewController.m in Sources */,
				5B0674611DB1371500299600 /* ViewController.m in Sources */,
				32FDCE751DB31B1900899583 /* WelcomCell.m in Sources */,
				32FDCE6C1DB31B1900899583 /* HMMyMeNuController.m in Sources */,
				32FDCE821DB31B1A00899583 /* DDProductKindView.m in Sources */,
				32FDCE791DB31B1900899583 /* NSArray+Log.m in Sources */,
				32FDCE5E1DB31B1900899583 /* DDBaseNavController.m in Sources */,
				32FDCE631DB31B1900899583 /* HMMarketViewController.m in Sources */,
				32FDCE661DB31B1900899583 /* HMMenuTableViewCell2.m in Sources */,
				32FDCE6A1DB31B1900899583 /* HMVerticalTitleButton.m in Sources */,
				32FDCE7F1DB31B1A00899583 /* HMNetworkTools.m in Sources */,
				32FDCE611DB31B1900899583 /* hideBottomBarNavagationControl.m in Sources */,
				32FDCE651DB31B1900899583 /* HMMeViewController.m in Sources */,
				32FDCE6F1DB31B1900899583 /* HMTableViewCell.m in Sources */,
				32FDCE6D1DB31B1900899583 /* HMYouHuiQuanController.m in Sources */,
				5B06744D1DB1371500299600 /* AppDelegate.m in Sources */,
				32FDCE601DB31B1900899583 /* HBTableBarController.m in Sources */,
				32FDCE5F1DB31B1900899583 /* DDBaseViewController.m in Sources */,
				32FDCE7D1DB31B1900899583 /* UIButton+CustomButton.m in Sources */,
				32FDCE831DB31B1A00899583 /* DDProductSelectVC.m in Sources */,
				32FDCE681DB31B1900899583 /* HMMeTableViewCell1.m in Sources */,
				32FDCE711DB31B1900899583 /* HMShoppingViewController.m in Sources */,
				5BEC4FC31DB1192100CA99B0 /* main.m in Sources */,
				32FDCE761DB31B1900899583 /* WecomeAnimation.m in Sources */,
				5B0674641DB1375400299600 /* DSHTTPClient.m in Sources */,
			);
			runOnlyForDeploymentPostprocessing = 0;
		};
/* End PBXSourcesBuildPhase section */

/* Begin XCBuildConfiguration section */
		5BEC4FD31DB1192100CA99B0 /* Debug */ = {
			isa = XCBuildConfiguration;
			buildSettings = {
				ALWAYS_SEARCH_USER_PATHS = NO;
				CLANG_ANALYZER_NONNULL = YES;
				CLANG_CXX_LANGUAGE_STANDARD = "gnu++0x";
				CLANG_CXX_LIBRARY = "libc++";
				CLANG_ENABLE_MODULES = YES;
				CLANG_ENABLE_OBJC_ARC = YES;
				CLANG_WARN_BOOL_CONVERSION = YES;
				CLANG_WARN_CONSTANT_CONVERSION = YES;
				CLANG_WARN_DIRECT_OBJC_ISA_USAGE = YES_ERROR;
				CLANG_WARN_DOCUMENTATION_COMMENTS = YES;
				CLANG_WARN_EMPTY_BODY = YES;
				CLANG_WARN_ENUM_CONVERSION = YES;
				CLANG_WARN_INFINITE_RECURSION = YES;
				CLANG_WARN_INT_CONVERSION = YES;
				CLANG_WARN_OBJC_ROOT_CLASS = YES_ERROR;
				CLANG_WARN_SUSPICIOUS_MOVES = YES;
				CLANG_WARN_UNREACHABLE_CODE = YES;
				CLANG_WARN__DUPLICATE_METHOD_MATCH = YES;
				"CODE_SIGN_IDENTITY[sdk=iphoneos*]" = "iPhone Developer";
				COPY_PHASE_STRIP = NO;
				DEBUG_INFORMATION_FORMAT = dwarf;
				ENABLE_STRICT_OBJC_MSGSEND = YES;
				ENABLE_TESTABILITY = YES;
				GCC_C_LANGUAGE_STANDARD = gnu99;
				GCC_DYNAMIC_NO_PIC = NO;
				GCC_NO_COMMON_BLOCKS = YES;
				GCC_OPTIMIZATION_LEVEL = 0;
				GCC_PREPROCESSOR_DEFINITIONS = (
					"DEBUG=1",
					"$(inherited)",
				);
				GCC_WARN_64_TO_32_BIT_CONVERSION = YES;
				GCC_WARN_ABOUT_RETURN_TYPE = YES_ERROR;
				GCC_WARN_UNDECLARED_SELECTOR = YES;
				GCC_WARN_UNINITIALIZED_AUTOS = YES_AGGRESSIVE;
				GCC_WARN_UNUSED_FUNCTION = YES;
				GCC_WARN_UNUSED_VARIABLE = YES;
				IPHONEOS_DEPLOYMENT_TARGET = 10.0;
				MTL_ENABLE_DEBUG_INFO = YES;
				ONLY_ACTIVE_ARCH = YES;
				SDKROOT = iphoneos;
			};
			name = Debug;
		};
		5BEC4FD41DB1192100CA99B0 /* Release */ = {
			isa = XCBuildConfiguration;
			buildSettings = {
				ALWAYS_SEARCH_USER_PATHS = NO;
				CLANG_ANALYZER_NONNULL = YES;
				CLANG_CXX_LANGUAGE_STANDARD = "gnu++0x";
				CLANG_CXX_LIBRARY = "libc++";
				CLANG_ENABLE_MODULES = YES;
				CLANG_ENABLE_OBJC_ARC = YES;
				CLANG_WARN_BOOL_CONVERSION = YES;
				CLANG_WARN_CONSTANT_CONVERSION = YES;
				CLANG_WARN_DIRECT_OBJC_ISA_USAGE = YES_ERROR;
				CLANG_WARN_DOCUMENTATION_COMMENTS = YES;
				CLANG_WARN_EMPTY_BODY = YES;
				CLANG_WARN_ENUM_CONVERSION = YES;
				CLANG_WARN_INFINITE_RECURSION = YES;
				CLANG_WARN_INT_CONVERSION = YES;
				CLANG_WARN_OBJC_ROOT_CLASS = YES_ERROR;
				CLANG_WARN_SUSPICIOUS_MOVES = YES;
				CLANG_WARN_UNREACHABLE_CODE = YES;
				CLANG_WARN__DUPLICATE_METHOD_MATCH = YES;
				"CODE_SIGN_IDENTITY[sdk=iphoneos*]" = "iPhone Developer";
				COPY_PHASE_STRIP = NO;
				DEBUG_INFORMATION_FORMAT = "dwarf-with-dsym";
				ENABLE_NS_ASSERTIONS = NO;
				ENABLE_STRICT_OBJC_MSGSEND = YES;
				GCC_C_LANGUAGE_STANDARD = gnu99;
				GCC_NO_COMMON_BLOCKS = YES;
				GCC_WARN_64_TO_32_BIT_CONVERSION = YES;
				GCC_WARN_ABOUT_RETURN_TYPE = YES_ERROR;
				GCC_WARN_UNDECLARED_SELECTOR = YES;
				GCC_WARN_UNINITIALIZED_AUTOS = YES_AGGRESSIVE;
				GCC_WARN_UNUSED_FUNCTION = YES;
				GCC_WARN_UNUSED_VARIABLE = YES;
				IPHONEOS_DEPLOYMENT_TARGET = 10.0;
				MTL_ENABLE_DEBUG_INFO = NO;
				SDKROOT = iphoneos;
				VALIDATE_PRODUCT = YES;
			};
			name = Release;
		};
		5BEC4FD61DB1192100CA99B0 /* Debug */ = {
			isa = XCBuildConfiguration;
			baseConfigurationReference = 055F5C9A44396790450CF0E2 /* Pods-loveHoney.debug.xcconfig */;
			buildSettings = {
				ASSETCATALOG_COMPILER_APPICON_NAME = AppIcon;
				ASSETCATALOG_COMPILER_LAUNCHIMAGE_NAME = LaunchImage;
				GCC_INCREASE_PRECOMPILED_HEADER_SHARING = NO;
				GCC_PRECOMPILE_PREFIX_HEADER = YES;
				GCC_PREFIX_HEADER = loveHoney/PrefixHeader.pch;
				INFOPLIST_FILE = loveHoney/Info.plist;
				IPHONEOS_DEPLOYMENT_TARGET = 8.0;
				LD_RUNPATH_SEARCH_PATHS = "$(inherited) @executable_path/Frameworks";
				PRODUCT_BUNDLE_IDENTIFIER = dd.loveHoney;
				PRODUCT_NAME = "$(TARGET_NAME)";
			};
			name = Debug;
		};
		5BEC4FD71DB1192100CA99B0 /* Release */ = {
			isa = XCBuildConfiguration;
			baseConfigurationReference = F25252F3DCBF081A3DA69CA7 /* Pods-loveHoney.release.xcconfig */;
			buildSettings = {
				ASSETCATALOG_COMPILER_APPICON_NAME = AppIcon;
				ASSETCATALOG_COMPILER_LAUNCHIMAGE_NAME = LaunchImage;
				GCC_INCREASE_PRECOMPILED_HEADER_SHARING = NO;
				GCC_PRECOMPILE_PREFIX_HEADER = YES;
				GCC_PREFIX_HEADER = loveHoney/PrefixHeader.pch;
				INFOPLIST_FILE = loveHoney/Info.plist;
				IPHONEOS_DEPLOYMENT_TARGET = 8.0;
				LD_RUNPATH_SEARCH_PATHS = "$(inherited) @executable_path/Frameworks";
				PRODUCT_BUNDLE_IDENTIFIER = dd.loveHoney;
				PRODUCT_NAME = "$(TARGET_NAME)";
			};
			name = Release;
		};
/* End XCBuildConfiguration section */

/* Begin XCConfigurationList section */
		5BEC4FB91DB1192100CA99B0 /* Build configuration list for PBXProject "loveHoney" */ = {
			isa = XCConfigurationList;
			buildConfigurations = (
				5BEC4FD31DB1192100CA99B0 /* Debug */,
				5BEC4FD41DB1192100CA99B0 /* Release */,
			);
			defaultConfigurationIsVisible = 0;
			defaultConfigurationName = Release;
		};
		5BEC4FD51DB1192100CA99B0 /* Build configuration list for PBXNativeTarget "loveHoney" */ = {
			isa = XCConfigurationList;
			buildConfigurations = (
				5BEC4FD61DB1192100CA99B0 /* Debug */,
				5BEC4FD71DB1192100CA99B0 /* Release */,
			);
			defaultConfigurationIsVisible = 0;
			defaultConfigurationName = Release;
		};
/* End XCConfigurationList section */
	};
	rootObject = 5BEC4FB61DB1192100CA99B0 /* Project object */;
}
